
Microsoft Visual Studio Solution File, Format Version 9.00
# Visual Studio 2005
Project("{8BC9CEB8-8B4A-11D0-8D11-00A0C91BC942}") = "APhysXLab", "APhysXLab.vcproj", "{6A14ADD2-7615-405D-8376-2ABC6046245C}"
EndProject
Project("{8BC9CEB8-8B4A-11D0-8D11-00A0C91BC942}") = "NxuStream2", "NxuStream2.vcproj", "{FAAD5A2B-BA94-4AA0-9587-9AA5C321931E}"
EndProject
Project("{8BC9CEB8-8B4A-11D0-8D11-00A0C91BC942}") = "APhysXEngine", "APhysXEngine.vcproj", "{9B628196-4F60-40EA-ACC3-5E06F328AF2E}"
EndProject
Global
	GlobalSection(SolutionConfigurationPlatforms) = preSolution
		Debug ForbidAngelicaNewDelete|Win32 = Debug ForbidAngelicaNewDelete|Win32
		Debug MTD|Win32 = Debug MTD|Win32
		Debug|Win32 = Debug|Win32
		DebugStaticLib ForbidAngelicaNewDelete|Win32 = DebugStaticLib ForbidAngelicaNewDelete|Win32
		DebugStaticLib|Win32 = DebugStaticLib|Win32
		Release MTD|Win32 = Release MTD|Win32
		Release_NoDebugRender|Win32 = Release_NoDebugRender|Win32
		Release|Win32 = Release|Win32
		ReleaseStaticLib DebugRender|Win32 = ReleaseStaticLib DebugRender|Win32
		ReleaseStaticLib ForbidAngelicaNewDelete|Win32 = ReleaseStaticLib ForbidAngelicaNewDelete|Win32
		ReleaseStaticLib|Win32 = ReleaseStaticLib|Win32
		Unicod DebugReleaseStaticLib|Win32 = Unicod DebugReleaseStaticLib|Win32
		Unicode Debug|Win32 = Unicode Debug|Win32
		Unicode DebugStaticLib|Win32 = Unicode DebugStaticLib|Win32
		Unicode Release|Win32 = Unicode Release|Win32
		Unicode ReleaseStaticLib DebugRender|Win32 = Unicode ReleaseStaticLib DebugRender|Win32
		Unicode ReleaseStaticLib|Win32 = Unicode ReleaseStaticLib|Win32
	EndGlobalSection
	GlobalSection(ProjectConfigurationPlatforms) = postSolution
		{6A14ADD2-7615-405D-8376-2ABC6046245C}.Debug ForbidAngelicaNewDelete|Win32.ActiveCfg = Debug ForbidAngelicaNewDelete|Win32
		{6A14ADD2-7615-405D-8376-2ABC6046245C}.Debug ForbidAngelicaNewDelete|Win32.Build.0 = Debug ForbidAngelicaNewDelete|Win32
		{6A14ADD2-7615-405D-8376-2ABC6046245C}.Debug MTD|Win32.ActiveCfg = Debug ForbidAngelicaNewDelete|Win32
		{6A14ADD2-7615-405D-8376-2ABC6046245C}.Debug MTD|Win32.Build.0 = Debug ForbidAngelicaNewDelete|Win32
		{6A14ADD2-7615-405D-8376-2ABC6046245C}.Debug|Win32.ActiveCfg = Debug|Win32
		{6A14ADD2-7615-405D-8376-2ABC6046245C}.Debug|Win32.Build.0 = Debug|Win32
		{6A14ADD2-7615-405D-8376-2ABC6046245C}.DebugStaticLib ForbidAngelicaNewDelete|Win32.ActiveCfg = Debug|Win32
		{6A14ADD2-7615-405D-8376-2ABC6046245C}.DebugStaticLib ForbidAngelicaNewDelete|Win32.Build.0 = Debug|Win32
		{6A14ADD2-7615-405D-8376-2ABC6046245C}.DebugStaticLib|Win32.ActiveCfg = Debug|Win32
		{6A14ADD2-7615-405D-8376-2ABC6046245C}.DebugStaticLib|Win32.Build.0 = Debug|Win32
		{6A14ADD2-7615-405D-8376-2ABC6046245C}.Release MTD|Win32.ActiveCfg = Release|Win32
		{6A14ADD2-7615-405D-8376-2ABC6046245C}.Release MTD|Win32.Build.0 = Release|Win32
		{6A14ADD2-7615-405D-8376-2ABC6046245C}.Release_NoDebugRender|Win32.ActiveCfg = Release_NoDebugRender|Win32
		{6A14ADD2-7615-405D-8376-2ABC6046245C}.Release_NoDebugRender|Win32.Build.0 = Release_NoDebugRender|Win32
		{6A14ADD2-7615-405D-8376-2ABC6046245C}.Release|Win32.ActiveCfg = Release|Win32
		{6A14ADD2-7615-405D-8376-2ABC6046245C}.Release|Win32.Build.0 = Release|Win32
		{6A14ADD2-7615-405D-8376-2ABC6046245C}.ReleaseStaticLib DebugRender|Win32.ActiveCfg = Release|Win32
		{6A14ADD2-7615-405D-8376-2ABC6046245C}.ReleaseStaticLib DebugRender|Win32.Build.0 = Release|Win32
		{6A14ADD2-7615-405D-8376-2ABC6046245C}.ReleaseStaticLib ForbidAngelicaNewDelete|Win32.ActiveCfg = Release|Win32
		{6A14ADD2-7615-405D-8376-2ABC6046245C}.ReleaseStaticLib ForbidAngelicaNewDelete|Win32.Build.0 = Release|Win32
		{6A14ADD2-7615-405D-8376-2ABC6046245C}.ReleaseStaticLib|Win32.ActiveCfg = Release|Win32
		{6A14ADD2-7615-405D-8376-2ABC6046245C}.ReleaseStaticLib|Win32.Build.0 = Release|Win32
		{6A14ADD2-7615-405D-8376-2ABC6046245C}.Unicod DebugReleaseStaticLib|Win32.ActiveCfg = Release|Win32
		{6A14ADD2-7615-405D-8376-2ABC6046245C}.Unicod DebugReleaseStaticLib|Win32.Build.0 = Release|Win32
		{6A14ADD2-7615-405D-8376-2ABC6046245C}.Unicode Debug|Win32.ActiveCfg = Unicode Debug|Win32
		{6A14ADD2-7615-405D-8376-2ABC6046245C}.Unicode Debug|Win32.Build.0 = Unicode Debug|Win32
		{6A14ADD2-7615-405D-8376-2ABC6046245C}.Unicode DebugStaticLib|Win32.ActiveCfg = Unicode Debug|Win32
		{6A14ADD2-7615-405D-8376-2ABC6046245C}.Unicode DebugStaticLib|Win32.Build.0 = Unicode Debug|Win32
		{6A14ADD2-7615-405D-8376-2ABC6046245C}.Unicode Release|Win32.ActiveCfg = Unicode Release|Win32
		{6A14ADD2-7615-405D-8376-2ABC6046245C}.Unicode Release|Win32.Build.0 = Unicode Release|Win32
		{6A14ADD2-7615-405D-8376-2ABC6046245C}.Unicode ReleaseStaticLib DebugRender|Win32.ActiveCfg = Unicode Release|Win32
		{6A14ADD2-7615-405D-8376-2ABC6046245C}.Unicode ReleaseStaticLib DebugRender|Win32.Build.0 = Unicode Release|Win32
		{6A14ADD2-7615-405D-8376-2ABC6046245C}.Unicode ReleaseStaticLib|Win32.ActiveCfg = Unicode Release|Win32
		{6A14ADD2-7615-405D-8376-2ABC6046245C}.Unicode ReleaseStaticLib|Win32.Build.0 = Unicode Release|Win32
		{FAAD5A2B-BA94-4AA0-9587-9AA5C321931E}.Debug ForbidAngelicaNewDelete|Win32.ActiveCfg = Debug MTD|Win32
		{FAAD5A2B-BA94-4AA0-9587-9AA5C321931E}.Debug ForbidAngelicaNewDelete|Win32.Build.0 = Debug MTD|Win32
		{FAAD5A2B-BA94-4AA0-9587-9AA5C321931E}.Debug MTD|Win32.ActiveCfg = Debug MTD|Win32
		{FAAD5A2B-BA94-4AA0-9587-9AA5C321931E}.Debug MTD|Win32.Build.0 = Debug MTD|Win32
		{FAAD5A2B-BA94-4AA0-9587-9AA5C321931E}.Debug|Win32.ActiveCfg = Debug|Win32
		{FAAD5A2B-BA94-4AA0-9587-9AA5C321931E}.Debug|Win32.Build.0 = Debug|Win32
		{FAAD5A2B-BA94-4AA0-9587-9AA5C321931E}.DebugStaticLib ForbidAngelicaNewDelete|Win32.ActiveCfg = Debug MTD|Win32
		{FAAD5A2B-BA94-4AA0-9587-9AA5C321931E}.DebugStaticLib ForbidAngelicaNewDelete|Win32.Build.0 = Debug MTD|Win32
		{FAAD5A2B-BA94-4AA0-9587-9AA5C321931E}.DebugStaticLib|Win32.ActiveCfg = Debug MTD|Win32
		{FAAD5A2B-BA94-4AA0-9587-9AA5C321931E}.DebugStaticLib|Win32.Build.0 = Debug MTD|Win32
		{FAAD5A2B-BA94-4AA0-9587-9AA5C321931E}.Release MTD|Win32.ActiveCfg = Release MTD|Win32
		{FAAD5A2B-BA94-4AA0-9587-9AA5C321931E}.Release MTD|Win32.Build.0 = Release MTD|Win32
		{FAAD5A2B-BA94-4AA0-9587-9AA5C321931E}.Release_NoDebugRender|Win32.ActiveCfg = Release|Win32
		{FAAD5A2B-BA94-4AA0-9587-9AA5C321931E}.Release_NoDebugRender|Win32.Build.0 = Release|Win32
		{FAAD5A2B-BA94-4AA0-9587-9AA5C321931E}.Release|Win32.ActiveCfg = Release|Win32
		{FAAD5A2B-BA94-4AA0-9587-9AA5C321931E}.Release|Win32.Build.0 = Release|Win32
		{FAAD5A2B-BA94-4AA0-9587-9AA5C321931E}.ReleaseStaticLib DebugRender|Win32.ActiveCfg = Release|Win32
		{FAAD5A2B-BA94-4AA0-9587-9AA5C321931E}.ReleaseStaticLib DebugRender|Win32.Build.0 = Release|Win32
		{FAAD5A2B-BA94-4AA0-9587-9AA5C321931E}.ReleaseStaticLib ForbidAngelicaNewDelete|Win32.ActiveCfg = Release|Win32
		{FAAD5A2B-BA94-4AA0-9587-9AA5C321931E}.ReleaseStaticLib ForbidAngelicaNewDelete|Win32.Build.0 = Release|Win32
		{FAAD5A2B-BA94-4AA0-9587-9AA5C321931E}.ReleaseStaticLib|Win32.ActiveCfg = Release|Win32
		{FAAD5A2B-BA94-4AA0-9587-9AA5C321931E}.ReleaseStaticLib|Win32.Build.0 = Release|Win32
		{FAAD5A2B-BA94-4AA0-9587-9AA5C321931E}.Unicod DebugReleaseStaticLib|Win32.ActiveCfg = Release|Win32
		{FAAD5A2B-BA94-4AA0-9587-9AA5C321931E}.Unicod DebugReleaseStaticLib|Win32.Build.0 = Release|Win32
		{FAAD5A2B-BA94-4AA0-9587-9AA5C321931E}.Unicode Debug|Win32.ActiveCfg = Debug|Win32
		{FAAD5A2B-BA94-4AA0-9587-9AA5C321931E}.Unicode Debug|Win32.Build.0 = Debug|Win32
		{FAAD5A2B-BA94-4AA0-9587-9AA5C321931E}.Unicode DebugStaticLib|Win32.ActiveCfg = Debug|Win32
		{FAAD5A2B-BA94-4AA0-9587-9AA5C321931E}.Unicode DebugStaticLib|Win32.Build.0 = Debug|Win32
		{FAAD5A2B-BA94-4AA0-9587-9AA5C321931E}.Unicode Release|Win32.ActiveCfg = Release|Win32
		{FAAD5A2B-BA94-4AA0-9587-9AA5C321931E}.Unicode Release|Win32.Build.0 = Release|Win32
		{FAAD5A2B-BA94-4AA0-9587-9AA5C321931E}.Unicode ReleaseStaticLib DebugRender|Win32.ActiveCfg = Release|Win32
		{FAAD5A2B-BA94-4AA0-9587-9AA5C321931E}.Unicode ReleaseStaticLib DebugRender|Win32.Build.0 = Release|Win32
		{FAAD5A2B-BA94-4AA0-9587-9AA5C321931E}.Unicode ReleaseStaticLib|Win32.ActiveCfg = Release|Win32
		{FAAD5A2B-BA94-4AA0-9587-9AA5C321931E}.Unicode ReleaseStaticLib|Win32.Build.0 = Release|Win32
		{9B628196-4F60-40EA-ACC3-5E06F328AF2E}.Debug ForbidAngelicaNewDelete|Win32.ActiveCfg = DebugStaticLib ForbidAngelicaNewDelete|Win32
		{9B628196-4F60-40EA-ACC3-5E06F328AF2E}.Debug ForbidAngelicaNewDelete|Win32.Build.0 = DebugStaticLib ForbidAngelicaNewDelete|Win32
		{9B628196-4F60-40EA-ACC3-5E06F328AF2E}.Debug MTD|Win32.ActiveCfg = DebugStaticLib ForbidAngelicaNewDelete|Win32
		{9B628196-4F60-40EA-ACC3-5E06F328AF2E}.Debug MTD|Win32.Build.0 = DebugStaticLib ForbidAngelicaNewDelete|Win32
		{9B628196-4F60-40EA-ACC3-5E06F328AF2E}.Debug|Win32.ActiveCfg = DebugStaticLib ForbidAngelicaNewDelete|Win32
		{9B628196-4F60-40EA-ACC3-5E06F328AF2E}.Debug|Win32.Build.0 = DebugStaticLib ForbidAngelicaNewDelete|Win32
		{9B628196-4F60-40EA-ACC3-5E06F328AF2E}.DebugStaticLib ForbidAngelicaNewDelete|Win32.ActiveCfg = DebugStaticLib ForbidAngelicaNewDelete|Win32
		{9B628196-4F60-40EA-ACC3-5E06F328AF2E}.DebugStaticLib ForbidAngelicaNewDelete|Win32.Build.0 = DebugStaticLib ForbidAngelicaNewDelete|Win32
		{9B628196-4F60-40EA-ACC3-5E06F328AF2E}.DebugStaticLib|Win32.ActiveCfg = DebugStaticLib|Win32
		{9B628196-4F60-40EA-ACC3-5E06F328AF2E}.DebugStaticLib|Win32.Build.0 = DebugStaticLib|Win32
		{9B628196-4F60-40EA-ACC3-5E06F328AF2E}.Release MTD|Win32.ActiveCfg = ReleaseStaticLib ForbidAngelicaNewDelete|Win32
		{9B628196-4F60-40EA-ACC3-5E06F328AF2E}.Release MTD|Win32.Build.0 = ReleaseStaticLib ForbidAngelicaNewDelete|Win32
		{9B628196-4F60-40EA-ACC3-5E06F328AF2E}.Release_NoDebugRender|Win32.ActiveCfg = ReleaseStaticLib ForbidAngelicaNewDelete|Win32
		{9B628196-4F60-40EA-ACC3-5E06F328AF2E}.Release_NoDebugRender|Win32.Build.0 = ReleaseStaticLib ForbidAngelicaNewDelete|Win32
		{9B628196-4F60-40EA-ACC3-5E06F328AF2E}.Release|Win32.ActiveCfg = ReleaseStaticLib ForbidAngelicaNewDelete|Win32
		{9B628196-4F60-40EA-ACC3-5E06F328AF2E}.Release|Win32.Build.0 = ReleaseStaticLib ForbidAngelicaNewDelete|Win32
		{9B628196-4F60-40EA-ACC3-5E06F328AF2E}.ReleaseStaticLib DebugRender|Win32.ActiveCfg = ReleaseStaticLib DebugRender|Win32
		{9B628196-4F60-40EA-ACC3-5E06F328AF2E}.ReleaseStaticLib DebugRender|Win32.Build.0 = ReleaseStaticLib DebugRender|Win32
		{9B628196-4F60-40EA-ACC3-5E06F328AF2E}.ReleaseStaticLib ForbidAngelicaNewDelete|Win32.ActiveCfg = ReleaseStaticLib ForbidAngelicaNewDelete|Win32
		{9B628196-4F60-40EA-ACC3-5E06F328AF2E}.ReleaseStaticLib ForbidAngelicaNewDelete|Win32.Build.0 = ReleaseStaticLib ForbidAngelicaNewDelete|Win32
		{9B628196-4F60-40EA-ACC3-5E06F328AF2E}.ReleaseStaticLib|Win32.ActiveCfg = ReleaseStaticLib|Win32
		{9B628196-4F60-40EA-ACC3-5E06F328AF2E}.ReleaseStaticLib|Win32.Build.0 = ReleaseStaticLib|Win32
		{9B628196-4F60-40EA-ACC3-5E06F328AF2E}.Unicod DebugReleaseStaticLib|Win32.ActiveCfg = Unicod DebugReleaseStaticLib|Win32
		{9B628196-4F60-40EA-ACC3-5E06F328AF2E}.Unicod DebugReleaseStaticLib|Win32.Build.0 = Unicod DebugReleaseStaticLib|Win32
		{9B628196-4F60-40EA-ACC3-5E06F328AF2E}.Unicode Debug|Win32.ActiveCfg = Unicode DebugStaticLib|Win32
		{9B628196-4F60-40EA-ACC3-5E06F328AF2E}.Unicode Debug|Win32.Build.0 = Unicode DebugStaticLib|Win32
		{9B628196-4F60-40EA-ACC3-5E06F328AF2E}.Unicode DebugStaticLib|Win32.ActiveCfg = Unicode DebugStaticLib|Win32
		{9B628196-4F60-40EA-ACC3-5E06F328AF2E}.Unicode DebugStaticLib|Win32.Build.0 = Unicode DebugStaticLib|Win32
		{9B628196-4F60-40EA-ACC3-5E06F328AF2E}.Unicode Release|Win32.ActiveCfg = Unicode ReleaseStaticLib DebugRender|Win32
		{9B628196-4F60-40EA-ACC3-5E06F328AF2E}.Unicode Release|Win32.Build.0 = Unicode ReleaseStaticLib DebugRender|Win32
		{9B628196-4F60-40EA-ACC3-5E06F328AF2E}.Unicode ReleaseStaticLib DebugRender|Win32.ActiveCfg = Unicode ReleaseStaticLib DebugRender|Win32
		{9B628196-4F60-40EA-ACC3-5E06F328AF2E}.Unicode ReleaseStaticLib DebugRender|Win32.Build.0 = Unicode ReleaseStaticLib DebugRender|Win32
		{9B628196-4F60-40EA-ACC3-5E06F328AF2E}.Unicode ReleaseStaticLib|Win32.ActiveCfg = Unicode ReleaseStaticLib|Win32
		{9B628196-4F60-40EA-ACC3-5E06F328AF2E}.Unicode ReleaseStaticLib|Win32.Build.0 = Unicode ReleaseStaticLib|Win32
	EndGlobalSection
	GlobalSection(SolutionProperties) = preSolution
		HideSolutionNode = FALSE
	EndGlobalSection
EndGlobal
