<?xml version="1.0" encoding="utf-8"?>
<Project ToolsVersion="4.0" xmlns="http://schemas.microsoft.com/developer/msbuild/2003">
  <ItemGroup>
    <Filter Include="Source Files">
      <UniqueIdentifier>{32edd774-2846-4908-8c96-4262048e685e}</UniqueIdentifier>
      <Extensions>cpp;c;cxx;rc;def;r;odl;idl;hpj;bat</Extensions>
    </Filter>
    <Filter Include="Header Files">
      <UniqueIdentifier>{08a1c7b8-c23b-4656-a967-418f5aeed341}</UniqueIdentifier>
      <Extensions>h;hpp;hxx;hm;inl</Extensions>
    </Filter>
  </ItemGroup>
  <ItemGroup>
    <ClCompile Include="2DGiftWrap.cpp">
      <Filter>Source Files</Filter>
    </ClCompile>
    <ClCompile Include="2DObstruct.cpp">
      <Filter>Source Files</Filter>
    </ClCompile>
    <ClCompile Include="aabbcd.cpp">
      <Filter>Source Files</Filter>
    </ClCompile>
    <ClCompile Include="BestFit.cpp">
      <Filter>Source Files</Filter>
    </ClCompile>
    <ClCompile Include="CDWithCH.cpp">
      <Filter>Source Files</Filter>
    </ClCompile>
    <ClCompile Include="CombGenerator.cpp">
      <Filter>Source Files</Filter>
    </ClCompile>
    <ClCompile Include="ConvexHullAlgorithm.cpp">
      <Filter>Source Files</Filter>
    </ClCompile>
    <ClCompile Include="ConvexHullArchive.cpp">
      <Filter>Source Files</Filter>
    </ClCompile>
    <ClCompile Include="ConvexHullData.cpp">
      <Filter>Source Files</Filter>
    </ClCompile>
    <ClCompile Include="ConvexPolytope.cpp">
      <Filter>Source Files</Filter>
    </ClCompile>
    <ClCompile Include="EdgeStack.cpp">
      <Filter>Source Files</Filter>
    </ClCompile>
    <ClCompile Include="Face.cpp">
      <Filter>Source Files</Filter>
    </ClCompile>
    <ClCompile Include="GiftWrap.cpp">
      <Filter>Source Files</Filter>
    </ClCompile>
    <ClCompile Include="HalfSpace.cpp">
      <Filter>Source Files</Filter>
    </ClCompile>
    <ClCompile Include="LEquations.cpp">
      <Filter>Source Files</Filter>
    </ClCompile>
    <ClCompile Include="Matrix.cpp">
      <Filter>Source Files</Filter>
    </ClCompile>
    <ClCompile Include="Patch.cpp">
      <Filter>Source Files</Filter>
    </ClCompile>
    <ClCompile Include="RightPrism.cpp">
      <Filter>Source Files</Filter>
    </ClCompile>
  </ItemGroup>
  <ItemGroup>
    <ClInclude Include="2DGiftWrap.h">
      <Filter>Header Files</Filter>
    </ClInclude>
    <ClInclude Include="2DObstruct.h">
      <Filter>Header Files</Filter>
    </ClInclude>
    <ClInclude Include="aabbcd.h">
      <Filter>Header Files</Filter>
    </ClInclude>
    <ClInclude Include="BestFit.h">
      <Filter>Header Files</Filter>
    </ClInclude>
    <ClInclude Include="CDWithCH.h">
      <Filter>Header Files</Filter>
    </ClInclude>
    <ClInclude Include="CombGenerator.h">
      <Filter>Header Files</Filter>
    </ClInclude>
    <ClInclude Include="ConvexHullAlgorithm.h">
      <Filter>Header Files</Filter>
    </ClInclude>
    <ClInclude Include="ConvexHullArchive.h">
      <Filter>Header Files</Filter>
    </ClInclude>
    <ClInclude Include="ConvexHullData.h">
      <Filter>Header Files</Filter>
    </ClInclude>
    <ClInclude Include="ConvexPolytope.h">
      <Filter>Header Files</Filter>
    </ClInclude>
    <ClInclude Include="EdgeStack.h">
      <Filter>Header Files</Filter>
    </ClInclude>
    <ClInclude Include="Face.h">
      <Filter>Header Files</Filter>
    </ClInclude>
    <ClInclude Include="GiftWrap.h">
      <Filter>Header Files</Filter>
    </ClInclude>
    <ClInclude Include="HalfSpace.h">
      <Filter>Header Files</Filter>
    </ClInclude>
    <ClInclude Include="LEquations.h">
      <Filter>Header Files</Filter>
    </ClInclude>
    <ClInclude Include="Matrix.h">
      <Filter>Header Files</Filter>
    </ClInclude>
    <ClInclude Include="Patch.h">
      <Filter>Header Files</Filter>
    </ClInclude>
    <ClInclude Include="RightPrism.h">
      <Filter>Header Files</Filter>
    </ClInclude>
  </ItemGroup>
</Project>