
Microsoft Visual Studio Solution File, Format Version 12.00
# Visual Studio Version 17
VisualStudioVersion = 17.9.34728.123
MinimumVisualStudioVersion = 10.0.40219.1
Project("{8BC9CEB8-8B4A-11D0-8D11-00A0C91BC942}") = "PropDlg2.2", "PropDlg3\PropDlg2.2.vcxproj", "{7F34276E-6271-4ABE-9A20-C83A1262B6FF}"
EndProject
Project("{8BC9CEB8-8B4A-11D0-8D11-00A0C91BC942}") = "ImageCacheLib", "AFileDialog3\Complier_2005\ImageCacheLib2.2.vcxproj", "{7F3331AA-DCD6-47E0-9F31-F7C673F66843}"
EndProject
Project("{8BC9CEB8-8B4A-11D0-8D11-00A0C91BC942}") = "AudioEngine2.2", "AudioEngine\AudioEngine\AudioEngine2.2.vcxproj", "{7DD76C4A-D24D-4053-978A-3A807584D01F}"
EndProject
Project("{8BC9CEB8-8B4A-11D0-8D11-00A0C91BC942}") = "LuaWrapper", "LuaWrapper\LuaWrapper.vcxproj", "{58E06326-B5E3-4721-A1AE-5A1B73D80B93}"
EndProject
Project("{8BC9CEB8-8B4A-11D0-8D11-00A0C91BC942}") = "CHBasedCD", "CHBasedCD\CHBasedCD.vcxproj", "{8127B042-356A-49F7-8B0A-28EF2EA259BA}"
EndProject
Project("{8BC9CEB8-8B4A-11D0-8D11-00A0C91BC942}") = "APhysXEngine", "APhysXIntegration\Compiler_VC8\APhysXEngine.vcxproj", "{9B628196-4F60-40EA-ACC3-5E06F328AF2E}"
EndProject
Project("{8BC9CEB8-8B4A-11D0-8D11-00A0C91BC942}") = "AFileDialog", "AFileDialog3\Complier_2005\AFileDialog2.2.vcxproj", "{BEED90C6-620A-4C47-A5EE-66DB36B1C3B8}"
EndProject
Project("{8BC9CEB8-8B4A-11D0-8D11-00A0C91BC942}") = "AudioAssistDll2.2", "AudioEngine\AudioAssistDll\AudioAssistDll2.2.vcxproj", "{F274FE63-5081-4661-81F1-61A7D3A84C6F}"
EndProject
Project("{8BC9CEB8-8B4A-11D0-8D11-00A0C91BC942}") = "AUInterface", "AUInterface2\AUInterface_2.2.vcxproj", "{65B587D0-E310-4550-8E58-77EAF9501E92}"
EndProject
Project("{8BC9CEB8-8B4A-11D0-8D11-00A0C91BC942}") = "GfxCommon_NoAudio", "GfxCommon\GfxCommon2.2_NoAudio.vcxproj", "{0DFD9329-588B-43F2-A005-88C60247FD5C}"
EndProject
Project("{8BC9CEB8-8B4A-11D0-8D11-00A0C91BC942}") = "FTDriverDLL.NET2005", "FTDriver\FTDriverDLL.NET2005\FTDriverDLL.NET2005.vcxproj", "{D2D09E72-50D0-4097-A6CD-350D90817938}"
EndProject
Global
	GlobalSection(SolutionConfigurationPlatforms) = preSolution
		DbgRelease_NoAudio|Win32 = DbgRelease_NoAudio|Win32
		DbgRelease|Win32 = DbgRelease|Win32
		Debug_NoAudio|Win32 = Debug_NoAudio|Win32
		Debug|Win32 = Debug|Win32
		DebugCRTAllocator|Win32 = DebugCRTAllocator|Win32
		DebugStaticLib ForbidAngelicaNewDelete|Win32 = DebugStaticLib ForbidAngelicaNewDelete|Win32
		DebugStaticLib|Win32 = DebugStaticLib|Win32
		Editor Unicode Debug|Win32 = Editor Unicode Debug|Win32
		Editor Unicode Release|Win32 = Editor Unicode Release|Win32
		EditorDebug|Win32 = EditorDebug|Win32
		EditorRelease|Win32 = EditorRelease|Win32
		PhyDebug|Win32 = PhyDebug|Win32
		PhyDebugRelease|Win32 = PhyDebugRelease|Win32
		PhyRelease|Win32 = PhyRelease|Win32
		Release DebugRender|Win32 = Release DebugRender|Win32
		Release_NoAudio|Win32 = Release_NoAudio|Win32
		Release|Win32 = Release|Win32
		ReleaseStaticLib DebugRender|Win32 = ReleaseStaticLib DebugRender|Win32
		ReleaseStaticLib ForbidAngelicaNewDelete|Win32 = ReleaseStaticLib ForbidAngelicaNewDelete|Win32
		ReleaseStaticLib|Win32 = ReleaseStaticLib|Win32
		StdNewDebug|Win32 = StdNewDebug|Win32
		StdNewRelease|Win32 = StdNewRelease|Win32
		Unicod DebugReleaseStaticLib|Win32 = Unicod DebugReleaseStaticLib|Win32
		Unicode Debug|Win32 = Unicode Debug|Win32
		Unicode DebugStaticLib|Win32 = Unicode DebugStaticLib|Win32
		Unicode Release DebugRender|Win32 = Unicode Release DebugRender|Win32
		Unicode Release|Win32 = Unicode Release|Win32
		Unicode ReleaseStaticLib DebugRender|Win32 = Unicode ReleaseStaticLib DebugRender|Win32
		Unicode ReleaseStaticLib|Win32 = Unicode ReleaseStaticLib|Win32
		UnicodeEditorDebug|Win32 = UnicodeEditorDebug|Win32
		UnicodeEditorRelease|Win32 = UnicodeEditorRelease|Win32
	EndGlobalSection
	GlobalSection(ProjectConfigurationPlatforms) = postSolution
		{7F34276E-6271-4ABE-9A20-C83A1262B6FF}.DbgRelease_NoAudio|Win32.ActiveCfg = Release|Win32
		{7F34276E-6271-4ABE-9A20-C83A1262B6FF}.DbgRelease_NoAudio|Win32.Build.0 = Release|Win32
		{7F34276E-6271-4ABE-9A20-C83A1262B6FF}.DbgRelease|Win32.ActiveCfg = Release|Win32
		{7F34276E-6271-4ABE-9A20-C83A1262B6FF}.DbgRelease|Win32.Build.0 = Release|Win32
		{7F34276E-6271-4ABE-9A20-C83A1262B6FF}.Debug_NoAudio|Win32.ActiveCfg = Debug|Win32
		{7F34276E-6271-4ABE-9A20-C83A1262B6FF}.Debug_NoAudio|Win32.Build.0 = Debug|Win32
		{7F34276E-6271-4ABE-9A20-C83A1262B6FF}.Debug|Win32.ActiveCfg = Debug|Win32
		{7F34276E-6271-4ABE-9A20-C83A1262B6FF}.Debug|Win32.Build.0 = Debug|Win32
		{7F34276E-6271-4ABE-9A20-C83A1262B6FF}.DebugCRTAllocator|Win32.ActiveCfg = Debug|Win32
		{7F34276E-6271-4ABE-9A20-C83A1262B6FF}.DebugCRTAllocator|Win32.Build.0 = Debug|Win32
		{7F34276E-6271-4ABE-9A20-C83A1262B6FF}.DebugStaticLib ForbidAngelicaNewDelete|Win32.ActiveCfg = Debug|Win32
		{7F34276E-6271-4ABE-9A20-C83A1262B6FF}.DebugStaticLib ForbidAngelicaNewDelete|Win32.Build.0 = Debug|Win32
		{7F34276E-6271-4ABE-9A20-C83A1262B6FF}.DebugStaticLib|Win32.ActiveCfg = Debug|Win32
		{7F34276E-6271-4ABE-9A20-C83A1262B6FF}.DebugStaticLib|Win32.Build.0 = Debug|Win32
		{7F34276E-6271-4ABE-9A20-C83A1262B6FF}.Editor Unicode Debug|Win32.ActiveCfg = Editor Unicode Debug|Win32
		{7F34276E-6271-4ABE-9A20-C83A1262B6FF}.Editor Unicode Debug|Win32.Build.0 = Editor Unicode Debug|Win32
		{7F34276E-6271-4ABE-9A20-C83A1262B6FF}.Editor Unicode Release|Win32.ActiveCfg = Editor Unicode Release|Win32
		{7F34276E-6271-4ABE-9A20-C83A1262B6FF}.Editor Unicode Release|Win32.Build.0 = Editor Unicode Release|Win32
		{7F34276E-6271-4ABE-9A20-C83A1262B6FF}.EditorDebug|Win32.ActiveCfg = Debug|Win32
		{7F34276E-6271-4ABE-9A20-C83A1262B6FF}.EditorDebug|Win32.Build.0 = Debug|Win32
		{7F34276E-6271-4ABE-9A20-C83A1262B6FF}.EditorRelease|Win32.ActiveCfg = Release|Win32
		{7F34276E-6271-4ABE-9A20-C83A1262B6FF}.EditorRelease|Win32.Build.0 = Release|Win32
		{7F34276E-6271-4ABE-9A20-C83A1262B6FF}.PhyDebug|Win32.ActiveCfg = Debug|Win32
		{7F34276E-6271-4ABE-9A20-C83A1262B6FF}.PhyDebug|Win32.Build.0 = Debug|Win32
		{7F34276E-6271-4ABE-9A20-C83A1262B6FF}.PhyDebugRelease|Win32.ActiveCfg = Release|Win32
		{7F34276E-6271-4ABE-9A20-C83A1262B6FF}.PhyDebugRelease|Win32.Build.0 = Release|Win32
		{7F34276E-6271-4ABE-9A20-C83A1262B6FF}.PhyRelease|Win32.ActiveCfg = Release|Win32
		{7F34276E-6271-4ABE-9A20-C83A1262B6FF}.PhyRelease|Win32.Build.0 = Release|Win32
		{7F34276E-6271-4ABE-9A20-C83A1262B6FF}.Release DebugRender|Win32.ActiveCfg = Release|Win32
		{7F34276E-6271-4ABE-9A20-C83A1262B6FF}.Release DebugRender|Win32.Build.0 = Release|Win32
		{7F34276E-6271-4ABE-9A20-C83A1262B6FF}.Release_NoAudio|Win32.ActiveCfg = Release|Win32
		{7F34276E-6271-4ABE-9A20-C83A1262B6FF}.Release_NoAudio|Win32.Build.0 = Release|Win32
		{7F34276E-6271-4ABE-9A20-C83A1262B6FF}.Release|Win32.ActiveCfg = Release|Win32
		{7F34276E-6271-4ABE-9A20-C83A1262B6FF}.Release|Win32.Build.0 = Release|Win32
		{7F34276E-6271-4ABE-9A20-C83A1262B6FF}.ReleaseStaticLib DebugRender|Win32.ActiveCfg = Release|Win32
		{7F34276E-6271-4ABE-9A20-C83A1262B6FF}.ReleaseStaticLib DebugRender|Win32.Build.0 = Release|Win32
		{7F34276E-6271-4ABE-9A20-C83A1262B6FF}.ReleaseStaticLib ForbidAngelicaNewDelete|Win32.ActiveCfg = Release|Win32
		{7F34276E-6271-4ABE-9A20-C83A1262B6FF}.ReleaseStaticLib ForbidAngelicaNewDelete|Win32.Build.0 = Release|Win32
		{7F34276E-6271-4ABE-9A20-C83A1262B6FF}.ReleaseStaticLib|Win32.ActiveCfg = Release|Win32
		{7F34276E-6271-4ABE-9A20-C83A1262B6FF}.ReleaseStaticLib|Win32.Build.0 = Release|Win32
		{7F34276E-6271-4ABE-9A20-C83A1262B6FF}.StdNewDebug|Win32.ActiveCfg = Debug|Win32
		{7F34276E-6271-4ABE-9A20-C83A1262B6FF}.StdNewDebug|Win32.Build.0 = Debug|Win32
		{7F34276E-6271-4ABE-9A20-C83A1262B6FF}.StdNewRelease|Win32.ActiveCfg = Release|Win32
		{7F34276E-6271-4ABE-9A20-C83A1262B6FF}.StdNewRelease|Win32.Build.0 = Release|Win32
		{7F34276E-6271-4ABE-9A20-C83A1262B6FF}.Unicod DebugReleaseStaticLib|Win32.ActiveCfg = Release|Win32
		{7F34276E-6271-4ABE-9A20-C83A1262B6FF}.Unicod DebugReleaseStaticLib|Win32.Build.0 = Release|Win32
		{7F34276E-6271-4ABE-9A20-C83A1262B6FF}.Unicode Debug|Win32.ActiveCfg = Unicode Debug|Win32
		{7F34276E-6271-4ABE-9A20-C83A1262B6FF}.Unicode Debug|Win32.Build.0 = Unicode Debug|Win32
		{7F34276E-6271-4ABE-9A20-C83A1262B6FF}.Unicode DebugStaticLib|Win32.ActiveCfg = Unicode Debug|Win32
		{7F34276E-6271-4ABE-9A20-C83A1262B6FF}.Unicode DebugStaticLib|Win32.Build.0 = Unicode Debug|Win32
		{7F34276E-6271-4ABE-9A20-C83A1262B6FF}.Unicode Release DebugRender|Win32.ActiveCfg = Unicode Release|Win32
		{7F34276E-6271-4ABE-9A20-C83A1262B6FF}.Unicode Release DebugRender|Win32.Build.0 = Unicode Release|Win32
		{7F34276E-6271-4ABE-9A20-C83A1262B6FF}.Unicode Release|Win32.ActiveCfg = Unicode Release|Win32
		{7F34276E-6271-4ABE-9A20-C83A1262B6FF}.Unicode Release|Win32.Build.0 = Unicode Release|Win32
		{7F34276E-6271-4ABE-9A20-C83A1262B6FF}.Unicode ReleaseStaticLib DebugRender|Win32.ActiveCfg = Unicode Release|Win32
		{7F34276E-6271-4ABE-9A20-C83A1262B6FF}.Unicode ReleaseStaticLib DebugRender|Win32.Build.0 = Unicode Release|Win32
		{7F34276E-6271-4ABE-9A20-C83A1262B6FF}.Unicode ReleaseStaticLib|Win32.ActiveCfg = Unicode Release|Win32
		{7F34276E-6271-4ABE-9A20-C83A1262B6FF}.Unicode ReleaseStaticLib|Win32.Build.0 = Unicode Release|Win32
		{7F34276E-6271-4ABE-9A20-C83A1262B6FF}.UnicodeEditorDebug|Win32.ActiveCfg = Debug|Win32
		{7F34276E-6271-4ABE-9A20-C83A1262B6FF}.UnicodeEditorDebug|Win32.Build.0 = Debug|Win32
		{7F34276E-6271-4ABE-9A20-C83A1262B6FF}.UnicodeEditorRelease|Win32.ActiveCfg = Release|Win32
		{7F34276E-6271-4ABE-9A20-C83A1262B6FF}.UnicodeEditorRelease|Win32.Build.0 = Release|Win32
		{7F3331AA-DCD6-47E0-9F31-F7C673F66843}.DbgRelease_NoAudio|Win32.ActiveCfg = Release|Win32
		{7F3331AA-DCD6-47E0-9F31-F7C673F66843}.DbgRelease_NoAudio|Win32.Build.0 = Release|Win32
		{7F3331AA-DCD6-47E0-9F31-F7C673F66843}.DbgRelease|Win32.ActiveCfg = Release|Win32
		{7F3331AA-DCD6-47E0-9F31-F7C673F66843}.DbgRelease|Win32.Build.0 = Release|Win32
		{7F3331AA-DCD6-47E0-9F31-F7C673F66843}.Debug_NoAudio|Win32.ActiveCfg = Debug|Win32
		{7F3331AA-DCD6-47E0-9F31-F7C673F66843}.Debug_NoAudio|Win32.Build.0 = Debug|Win32
		{7F3331AA-DCD6-47E0-9F31-F7C673F66843}.Debug|Win32.ActiveCfg = Debug|Win32
		{7F3331AA-DCD6-47E0-9F31-F7C673F66843}.Debug|Win32.Build.0 = Debug|Win32
		{7F3331AA-DCD6-47E0-9F31-F7C673F66843}.DebugCRTAllocator|Win32.ActiveCfg = Debug|Win32
		{7F3331AA-DCD6-47E0-9F31-F7C673F66843}.DebugCRTAllocator|Win32.Build.0 = Debug|Win32
		{7F3331AA-DCD6-47E0-9F31-F7C673F66843}.DebugStaticLib ForbidAngelicaNewDelete|Win32.ActiveCfg = Debug|Win32
		{7F3331AA-DCD6-47E0-9F31-F7C673F66843}.DebugStaticLib ForbidAngelicaNewDelete|Win32.Build.0 = Debug|Win32
		{7F3331AA-DCD6-47E0-9F31-F7C673F66843}.DebugStaticLib|Win32.ActiveCfg = Debug|Win32
		{7F3331AA-DCD6-47E0-9F31-F7C673F66843}.DebugStaticLib|Win32.Build.0 = Debug|Win32
		{7F3331AA-DCD6-47E0-9F31-F7C673F66843}.Editor Unicode Debug|Win32.ActiveCfg = Editor Unicode Debug|Win32
		{7F3331AA-DCD6-47E0-9F31-F7C673F66843}.Editor Unicode Debug|Win32.Build.0 = Editor Unicode Debug|Win32
		{7F3331AA-DCD6-47E0-9F31-F7C673F66843}.Editor Unicode Release|Win32.ActiveCfg = Editor Unicode Release|Win32
		{7F3331AA-DCD6-47E0-9F31-F7C673F66843}.Editor Unicode Release|Win32.Build.0 = Editor Unicode Release|Win32
		{7F3331AA-DCD6-47E0-9F31-F7C673F66843}.EditorDebug|Win32.ActiveCfg = Debug|Win32
		{7F3331AA-DCD6-47E0-9F31-F7C673F66843}.EditorDebug|Win32.Build.0 = Debug|Win32
		{7F3331AA-DCD6-47E0-9F31-F7C673F66843}.EditorRelease|Win32.ActiveCfg = Release|Win32
		{7F3331AA-DCD6-47E0-9F31-F7C673F66843}.EditorRelease|Win32.Build.0 = Release|Win32
		{7F3331AA-DCD6-47E0-9F31-F7C673F66843}.PhyDebug|Win32.ActiveCfg = Debug|Win32
		{7F3331AA-DCD6-47E0-9F31-F7C673F66843}.PhyDebug|Win32.Build.0 = Debug|Win32
		{7F3331AA-DCD6-47E0-9F31-F7C673F66843}.PhyDebugRelease|Win32.ActiveCfg = Release|Win32
		{7F3331AA-DCD6-47E0-9F31-F7C673F66843}.PhyDebugRelease|Win32.Build.0 = Release|Win32
		{7F3331AA-DCD6-47E0-9F31-F7C673F66843}.PhyRelease|Win32.ActiveCfg = Release|Win32
		{7F3331AA-DCD6-47E0-9F31-F7C673F66843}.PhyRelease|Win32.Build.0 = Release|Win32
		{7F3331AA-DCD6-47E0-9F31-F7C673F66843}.Release DebugRender|Win32.ActiveCfg = Release|Win32
		{7F3331AA-DCD6-47E0-9F31-F7C673F66843}.Release DebugRender|Win32.Build.0 = Release|Win32
		{7F3331AA-DCD6-47E0-9F31-F7C673F66843}.Release_NoAudio|Win32.ActiveCfg = Release|Win32
		{7F3331AA-DCD6-47E0-9F31-F7C673F66843}.Release_NoAudio|Win32.Build.0 = Release|Win32
		{7F3331AA-DCD6-47E0-9F31-F7C673F66843}.Release|Win32.ActiveCfg = Release|Win32
		{7F3331AA-DCD6-47E0-9F31-F7C673F66843}.Release|Win32.Build.0 = Release|Win32
		{7F3331AA-DCD6-47E0-9F31-F7C673F66843}.ReleaseStaticLib DebugRender|Win32.ActiveCfg = Release|Win32
		{7F3331AA-DCD6-47E0-9F31-F7C673F66843}.ReleaseStaticLib DebugRender|Win32.Build.0 = Release|Win32
		{7F3331AA-DCD6-47E0-9F31-F7C673F66843}.ReleaseStaticLib ForbidAngelicaNewDelete|Win32.ActiveCfg = Release|Win32
		{7F3331AA-DCD6-47E0-9F31-F7C673F66843}.ReleaseStaticLib ForbidAngelicaNewDelete|Win32.Build.0 = Release|Win32
		{7F3331AA-DCD6-47E0-9F31-F7C673F66843}.ReleaseStaticLib|Win32.ActiveCfg = Release|Win32
		{7F3331AA-DCD6-47E0-9F31-F7C673F66843}.ReleaseStaticLib|Win32.Build.0 = Release|Win32
		{7F3331AA-DCD6-47E0-9F31-F7C673F66843}.StdNewDebug|Win32.ActiveCfg = Debug|Win32
		{7F3331AA-DCD6-47E0-9F31-F7C673F66843}.StdNewDebug|Win32.Build.0 = Debug|Win32
		{7F3331AA-DCD6-47E0-9F31-F7C673F66843}.StdNewRelease|Win32.ActiveCfg = Release|Win32
		{7F3331AA-DCD6-47E0-9F31-F7C673F66843}.StdNewRelease|Win32.Build.0 = Release|Win32
		{7F3331AA-DCD6-47E0-9F31-F7C673F66843}.Unicod DebugReleaseStaticLib|Win32.ActiveCfg = Release|Win32
		{7F3331AA-DCD6-47E0-9F31-F7C673F66843}.Unicod DebugReleaseStaticLib|Win32.Build.0 = Release|Win32
		{7F3331AA-DCD6-47E0-9F31-F7C673F66843}.Unicode Debug|Win32.ActiveCfg = Unicode Debug|Win32
		{7F3331AA-DCD6-47E0-9F31-F7C673F66843}.Unicode Debug|Win32.Build.0 = Unicode Debug|Win32
		{7F3331AA-DCD6-47E0-9F31-F7C673F66843}.Unicode DebugStaticLib|Win32.ActiveCfg = Unicode Debug|Win32
		{7F3331AA-DCD6-47E0-9F31-F7C673F66843}.Unicode DebugStaticLib|Win32.Build.0 = Unicode Debug|Win32
		{7F3331AA-DCD6-47E0-9F31-F7C673F66843}.Unicode Release DebugRender|Win32.ActiveCfg = Unicode Release|Win32
		{7F3331AA-DCD6-47E0-9F31-F7C673F66843}.Unicode Release DebugRender|Win32.Build.0 = Unicode Release|Win32
		{7F3331AA-DCD6-47E0-9F31-F7C673F66843}.Unicode Release|Win32.ActiveCfg = Unicode Release|Win32
		{7F3331AA-DCD6-47E0-9F31-F7C673F66843}.Unicode Release|Win32.Build.0 = Unicode Release|Win32
		{7F3331AA-DCD6-47E0-9F31-F7C673F66843}.Unicode ReleaseStaticLib DebugRender|Win32.ActiveCfg = Unicode Release|Win32
		{7F3331AA-DCD6-47E0-9F31-F7C673F66843}.Unicode ReleaseStaticLib DebugRender|Win32.Build.0 = Unicode Release|Win32
		{7F3331AA-DCD6-47E0-9F31-F7C673F66843}.Unicode ReleaseStaticLib|Win32.ActiveCfg = Unicode Release|Win32
		{7F3331AA-DCD6-47E0-9F31-F7C673F66843}.Unicode ReleaseStaticLib|Win32.Build.0 = Unicode Release|Win32
		{7F3331AA-DCD6-47E0-9F31-F7C673F66843}.UnicodeEditorDebug|Win32.ActiveCfg = Debug|Win32
		{7F3331AA-DCD6-47E0-9F31-F7C673F66843}.UnicodeEditorDebug|Win32.Build.0 = Debug|Win32
		{7F3331AA-DCD6-47E0-9F31-F7C673F66843}.UnicodeEditorRelease|Win32.ActiveCfg = Release|Win32
		{7F3331AA-DCD6-47E0-9F31-F7C673F66843}.UnicodeEditorRelease|Win32.Build.0 = Release|Win32
		{7DD76C4A-D24D-4053-978A-3A807584D01F}.DbgRelease_NoAudio|Win32.ActiveCfg = DbgRelease|Win32
		{7DD76C4A-D24D-4053-978A-3A807584D01F}.DbgRelease_NoAudio|Win32.Build.0 = DbgRelease|Win32
		{7DD76C4A-D24D-4053-978A-3A807584D01F}.DbgRelease|Win32.ActiveCfg = DbgRelease|Win32
		{7DD76C4A-D24D-4053-978A-3A807584D01F}.DbgRelease|Win32.Build.0 = DbgRelease|Win32
		{7DD76C4A-D24D-4053-978A-3A807584D01F}.Debug_NoAudio|Win32.ActiveCfg = Debug|Win32
		{7DD76C4A-D24D-4053-978A-3A807584D01F}.Debug_NoAudio|Win32.Build.0 = Debug|Win32
		{7DD76C4A-D24D-4053-978A-3A807584D01F}.Debug|Win32.ActiveCfg = Debug|Win32
		{7DD76C4A-D24D-4053-978A-3A807584D01F}.Debug|Win32.Build.0 = Debug|Win32
		{7DD76C4A-D24D-4053-978A-3A807584D01F}.DebugCRTAllocator|Win32.ActiveCfg = Debug|Win32
		{7DD76C4A-D24D-4053-978A-3A807584D01F}.DebugCRTAllocator|Win32.Build.0 = Debug|Win32
		{7DD76C4A-D24D-4053-978A-3A807584D01F}.DebugStaticLib ForbidAngelicaNewDelete|Win32.ActiveCfg = Debug|Win32
		{7DD76C4A-D24D-4053-978A-3A807584D01F}.DebugStaticLib ForbidAngelicaNewDelete|Win32.Build.0 = Debug|Win32
		{7DD76C4A-D24D-4053-978A-3A807584D01F}.DebugStaticLib|Win32.ActiveCfg = Debug|Win32
		{7DD76C4A-D24D-4053-978A-3A807584D01F}.DebugStaticLib|Win32.Build.0 = Debug|Win32
		{7DD76C4A-D24D-4053-978A-3A807584D01F}.Editor Unicode Debug|Win32.ActiveCfg = Editor Unicode Debug|Win32
		{7DD76C4A-D24D-4053-978A-3A807584D01F}.Editor Unicode Debug|Win32.Build.0 = Editor Unicode Debug|Win32
		{7DD76C4A-D24D-4053-978A-3A807584D01F}.Editor Unicode Release|Win32.ActiveCfg = Editor Unicode Release|Win32
		{7DD76C4A-D24D-4053-978A-3A807584D01F}.Editor Unicode Release|Win32.Build.0 = Editor Unicode Release|Win32
		{7DD76C4A-D24D-4053-978A-3A807584D01F}.EditorDebug|Win32.ActiveCfg = Debug|Win32
		{7DD76C4A-D24D-4053-978A-3A807584D01F}.EditorDebug|Win32.Build.0 = Debug|Win32
		{7DD76C4A-D24D-4053-978A-3A807584D01F}.EditorRelease|Win32.ActiveCfg = Release|Win32
		{7DD76C4A-D24D-4053-978A-3A807584D01F}.EditorRelease|Win32.Build.0 = Release|Win32
		{7DD76C4A-D24D-4053-978A-3A807584D01F}.PhyDebug|Win32.ActiveCfg = Debug|Win32
		{7DD76C4A-D24D-4053-978A-3A807584D01F}.PhyDebug|Win32.Build.0 = Debug|Win32
		{7DD76C4A-D24D-4053-978A-3A807584D01F}.PhyDebugRelease|Win32.ActiveCfg = Release|Win32
		{7DD76C4A-D24D-4053-978A-3A807584D01F}.PhyDebugRelease|Win32.Build.0 = Release|Win32
		{7DD76C4A-D24D-4053-978A-3A807584D01F}.PhyRelease|Win32.ActiveCfg = Release|Win32
		{7DD76C4A-D24D-4053-978A-3A807584D01F}.PhyRelease|Win32.Build.0 = Release|Win32
		{7DD76C4A-D24D-4053-978A-3A807584D01F}.Release DebugRender|Win32.ActiveCfg = Release|Win32
		{7DD76C4A-D24D-4053-978A-3A807584D01F}.Release DebugRender|Win32.Build.0 = Release|Win32
		{7DD76C4A-D24D-4053-978A-3A807584D01F}.Release_NoAudio|Win32.ActiveCfg = Release|Win32
		{7DD76C4A-D24D-4053-978A-3A807584D01F}.Release_NoAudio|Win32.Build.0 = Release|Win32
		{7DD76C4A-D24D-4053-978A-3A807584D01F}.Release|Win32.ActiveCfg = Release|Win32
		{7DD76C4A-D24D-4053-978A-3A807584D01F}.Release|Win32.Build.0 = Release|Win32
		{7DD76C4A-D24D-4053-978A-3A807584D01F}.ReleaseStaticLib DebugRender|Win32.ActiveCfg = Release|Win32
		{7DD76C4A-D24D-4053-978A-3A807584D01F}.ReleaseStaticLib DebugRender|Win32.Build.0 = Release|Win32
		{7DD76C4A-D24D-4053-978A-3A807584D01F}.ReleaseStaticLib ForbidAngelicaNewDelete|Win32.ActiveCfg = Release|Win32
		{7DD76C4A-D24D-4053-978A-3A807584D01F}.ReleaseStaticLib ForbidAngelicaNewDelete|Win32.Build.0 = Release|Win32
		{7DD76C4A-D24D-4053-978A-3A807584D01F}.ReleaseStaticLib|Win32.ActiveCfg = Release|Win32
		{7DD76C4A-D24D-4053-978A-3A807584D01F}.ReleaseStaticLib|Win32.Build.0 = Release|Win32
		{7DD76C4A-D24D-4053-978A-3A807584D01F}.StdNewDebug|Win32.ActiveCfg = Debug|Win32
		{7DD76C4A-D24D-4053-978A-3A807584D01F}.StdNewDebug|Win32.Build.0 = Debug|Win32
		{7DD76C4A-D24D-4053-978A-3A807584D01F}.StdNewRelease|Win32.ActiveCfg = Release|Win32
		{7DD76C4A-D24D-4053-978A-3A807584D01F}.StdNewRelease|Win32.Build.0 = Release|Win32
		{7DD76C4A-D24D-4053-978A-3A807584D01F}.Unicod DebugReleaseStaticLib|Win32.ActiveCfg = Release|Win32
		{7DD76C4A-D24D-4053-978A-3A807584D01F}.Unicod DebugReleaseStaticLib|Win32.Build.0 = Release|Win32
		{7DD76C4A-D24D-4053-978A-3A807584D01F}.Unicode Debug|Win32.ActiveCfg = Debug|Win32
		{7DD76C4A-D24D-4053-978A-3A807584D01F}.Unicode Debug|Win32.Build.0 = Debug|Win32
		{7DD76C4A-D24D-4053-978A-3A807584D01F}.Unicode DebugStaticLib|Win32.ActiveCfg = Debug|Win32
		{7DD76C4A-D24D-4053-978A-3A807584D01F}.Unicode DebugStaticLib|Win32.Build.0 = Debug|Win32
		{7DD76C4A-D24D-4053-978A-3A807584D01F}.Unicode Release DebugRender|Win32.ActiveCfg = Release|Win32
		{7DD76C4A-D24D-4053-978A-3A807584D01F}.Unicode Release DebugRender|Win32.Build.0 = Release|Win32
		{7DD76C4A-D24D-4053-978A-3A807584D01F}.Unicode Release|Win32.ActiveCfg = Release|Win32
		{7DD76C4A-D24D-4053-978A-3A807584D01F}.Unicode Release|Win32.Build.0 = Release|Win32
		{7DD76C4A-D24D-4053-978A-3A807584D01F}.Unicode ReleaseStaticLib DebugRender|Win32.ActiveCfg = Release|Win32
		{7DD76C4A-D24D-4053-978A-3A807584D01F}.Unicode ReleaseStaticLib DebugRender|Win32.Build.0 = Release|Win32
		{7DD76C4A-D24D-4053-978A-3A807584D01F}.Unicode ReleaseStaticLib|Win32.ActiveCfg = Release|Win32
		{7DD76C4A-D24D-4053-978A-3A807584D01F}.Unicode ReleaseStaticLib|Win32.Build.0 = Release|Win32
		{7DD76C4A-D24D-4053-978A-3A807584D01F}.UnicodeEditorDebug|Win32.ActiveCfg = Debug|Win32
		{7DD76C4A-D24D-4053-978A-3A807584D01F}.UnicodeEditorDebug|Win32.Build.0 = Debug|Win32
		{7DD76C4A-D24D-4053-978A-3A807584D01F}.UnicodeEditorRelease|Win32.ActiveCfg = Release|Win32
		{7DD76C4A-D24D-4053-978A-3A807584D01F}.UnicodeEditorRelease|Win32.Build.0 = Release|Win32
		{58E06326-B5E3-4721-A1AE-5A1B73D80B93}.DbgRelease_NoAudio|Win32.ActiveCfg = DbgRelease|Win32
		{58E06326-B5E3-4721-A1AE-5A1B73D80B93}.DbgRelease_NoAudio|Win32.Build.0 = DbgRelease|Win32
		{58E06326-B5E3-4721-A1AE-5A1B73D80B93}.DbgRelease|Win32.ActiveCfg = DbgRelease|Win32
		{58E06326-B5E3-4721-A1AE-5A1B73D80B93}.DbgRelease|Win32.Build.0 = DbgRelease|Win32
		{58E06326-B5E3-4721-A1AE-5A1B73D80B93}.Debug_NoAudio|Win32.ActiveCfg = Debug|Win32
		{58E06326-B5E3-4721-A1AE-5A1B73D80B93}.Debug_NoAudio|Win32.Build.0 = Debug|Win32
		{58E06326-B5E3-4721-A1AE-5A1B73D80B93}.Debug|Win32.ActiveCfg = Debug|Win32
		{58E06326-B5E3-4721-A1AE-5A1B73D80B93}.Debug|Win32.Build.0 = Debug|Win32
		{58E06326-B5E3-4721-A1AE-5A1B73D80B93}.DebugCRTAllocator|Win32.ActiveCfg = Debug|Win32
		{58E06326-B5E3-4721-A1AE-5A1B73D80B93}.DebugCRTAllocator|Win32.Build.0 = Debug|Win32
		{58E06326-B5E3-4721-A1AE-5A1B73D80B93}.DebugStaticLib ForbidAngelicaNewDelete|Win32.ActiveCfg = Debug|Win32
		{58E06326-B5E3-4721-A1AE-5A1B73D80B93}.DebugStaticLib ForbidAngelicaNewDelete|Win32.Build.0 = Debug|Win32
		{58E06326-B5E3-4721-A1AE-5A1B73D80B93}.DebugStaticLib|Win32.ActiveCfg = Debug|Win32
		{58E06326-B5E3-4721-A1AE-5A1B73D80B93}.DebugStaticLib|Win32.Build.0 = Debug|Win32
		{58E06326-B5E3-4721-A1AE-5A1B73D80B93}.Editor Unicode Debug|Win32.ActiveCfg = Editor Unicode Debug|Win32
		{58E06326-B5E3-4721-A1AE-5A1B73D80B93}.Editor Unicode Debug|Win32.Build.0 = Editor Unicode Debug|Win32
		{58E06326-B5E3-4721-A1AE-5A1B73D80B93}.Editor Unicode Release|Win32.ActiveCfg = Editor Unicode Release|Win32
		{58E06326-B5E3-4721-A1AE-5A1B73D80B93}.Editor Unicode Release|Win32.Build.0 = Editor Unicode Release|Win32
		{58E06326-B5E3-4721-A1AE-5A1B73D80B93}.EditorDebug|Win32.ActiveCfg = Debug|Win32
		{58E06326-B5E3-4721-A1AE-5A1B73D80B93}.EditorDebug|Win32.Build.0 = Debug|Win32
		{58E06326-B5E3-4721-A1AE-5A1B73D80B93}.EditorRelease|Win32.ActiveCfg = Release|Win32
		{58E06326-B5E3-4721-A1AE-5A1B73D80B93}.EditorRelease|Win32.Build.0 = Release|Win32
		{58E06326-B5E3-4721-A1AE-5A1B73D80B93}.PhyDebug|Win32.ActiveCfg = Debug|Win32
		{58E06326-B5E3-4721-A1AE-5A1B73D80B93}.PhyDebug|Win32.Build.0 = Debug|Win32
		{58E06326-B5E3-4721-A1AE-5A1B73D80B93}.PhyDebugRelease|Win32.ActiveCfg = Release|Win32
		{58E06326-B5E3-4721-A1AE-5A1B73D80B93}.PhyDebugRelease|Win32.Build.0 = Release|Win32
		{58E06326-B5E3-4721-A1AE-5A1B73D80B93}.PhyRelease|Win32.ActiveCfg = Release|Win32
		{58E06326-B5E3-4721-A1AE-5A1B73D80B93}.PhyRelease|Win32.Build.0 = Release|Win32
		{58E06326-B5E3-4721-A1AE-5A1B73D80B93}.Release DebugRender|Win32.ActiveCfg = Release|Win32
		{58E06326-B5E3-4721-A1AE-5A1B73D80B93}.Release DebugRender|Win32.Build.0 = Release|Win32
		{58E06326-B5E3-4721-A1AE-5A1B73D80B93}.Release_NoAudio|Win32.ActiveCfg = Release|Win32
		{58E06326-B5E3-4721-A1AE-5A1B73D80B93}.Release_NoAudio|Win32.Build.0 = Release|Win32
		{58E06326-B5E3-4721-A1AE-5A1B73D80B93}.Release|Win32.ActiveCfg = Release|Win32
		{58E06326-B5E3-4721-A1AE-5A1B73D80B93}.Release|Win32.Build.0 = Release|Win32
		{58E06326-B5E3-4721-A1AE-5A1B73D80B93}.ReleaseStaticLib DebugRender|Win32.ActiveCfg = Release|Win32
		{58E06326-B5E3-4721-A1AE-5A1B73D80B93}.ReleaseStaticLib DebugRender|Win32.Build.0 = Release|Win32
		{58E06326-B5E3-4721-A1AE-5A1B73D80B93}.ReleaseStaticLib ForbidAngelicaNewDelete|Win32.ActiveCfg = Release|Win32
		{58E06326-B5E3-4721-A1AE-5A1B73D80B93}.ReleaseStaticLib ForbidAngelicaNewDelete|Win32.Build.0 = Release|Win32
		{58E06326-B5E3-4721-A1AE-5A1B73D80B93}.ReleaseStaticLib|Win32.ActiveCfg = Release|Win32
		{58E06326-B5E3-4721-A1AE-5A1B73D80B93}.ReleaseStaticLib|Win32.Build.0 = Release|Win32
		{58E06326-B5E3-4721-A1AE-5A1B73D80B93}.StdNewDebug|Win32.ActiveCfg = StdNewDebug|Win32
		{58E06326-B5E3-4721-A1AE-5A1B73D80B93}.StdNewDebug|Win32.Build.0 = StdNewDebug|Win32
		{58E06326-B5E3-4721-A1AE-5A1B73D80B93}.StdNewRelease|Win32.ActiveCfg = StdNewRelease|Win32
		{58E06326-B5E3-4721-A1AE-5A1B73D80B93}.StdNewRelease|Win32.Build.0 = StdNewRelease|Win32
		{58E06326-B5E3-4721-A1AE-5A1B73D80B93}.Unicod DebugReleaseStaticLib|Win32.ActiveCfg = Release|Win32
		{58E06326-B5E3-4721-A1AE-5A1B73D80B93}.Unicod DebugReleaseStaticLib|Win32.Build.0 = Release|Win32
		{58E06326-B5E3-4721-A1AE-5A1B73D80B93}.Unicode Debug|Win32.ActiveCfg = Unicode Debug|Win32
		{58E06326-B5E3-4721-A1AE-5A1B73D80B93}.Unicode Debug|Win32.Build.0 = Unicode Debug|Win32
		{58E06326-B5E3-4721-A1AE-5A1B73D80B93}.Unicode DebugStaticLib|Win32.ActiveCfg = Unicode Debug|Win32
		{58E06326-B5E3-4721-A1AE-5A1B73D80B93}.Unicode DebugStaticLib|Win32.Build.0 = Unicode Debug|Win32
		{58E06326-B5E3-4721-A1AE-5A1B73D80B93}.Unicode Release DebugRender|Win32.ActiveCfg = Unicode Release|Win32
		{58E06326-B5E3-4721-A1AE-5A1B73D80B93}.Unicode Release DebugRender|Win32.Build.0 = Unicode Release|Win32
		{58E06326-B5E3-4721-A1AE-5A1B73D80B93}.Unicode Release|Win32.ActiveCfg = Unicode Release|Win32
		{58E06326-B5E3-4721-A1AE-5A1B73D80B93}.Unicode Release|Win32.Build.0 = Unicode Release|Win32
		{58E06326-B5E3-4721-A1AE-5A1B73D80B93}.Unicode ReleaseStaticLib DebugRender|Win32.ActiveCfg = Unicode Release|Win32
		{58E06326-B5E3-4721-A1AE-5A1B73D80B93}.Unicode ReleaseStaticLib DebugRender|Win32.Build.0 = Unicode Release|Win32
		{58E06326-B5E3-4721-A1AE-5A1B73D80B93}.Unicode ReleaseStaticLib|Win32.ActiveCfg = Unicode Release|Win32
		{58E06326-B5E3-4721-A1AE-5A1B73D80B93}.Unicode ReleaseStaticLib|Win32.Build.0 = Unicode Release|Win32
		{58E06326-B5E3-4721-A1AE-5A1B73D80B93}.UnicodeEditorDebug|Win32.ActiveCfg = Debug|Win32
		{58E06326-B5E3-4721-A1AE-5A1B73D80B93}.UnicodeEditorDebug|Win32.Build.0 = Debug|Win32
		{58E06326-B5E3-4721-A1AE-5A1B73D80B93}.UnicodeEditorRelease|Win32.ActiveCfg = Release|Win32
		{58E06326-B5E3-4721-A1AE-5A1B73D80B93}.UnicodeEditorRelease|Win32.Build.0 = Release|Win32
		{8127B042-356A-49F7-8B0A-28EF2EA259BA}.DbgRelease_NoAudio|Win32.ActiveCfg = DbgRelease|Win32
		{8127B042-356A-49F7-8B0A-28EF2EA259BA}.DbgRelease_NoAudio|Win32.Build.0 = DbgRelease|Win32
		{8127B042-356A-49F7-8B0A-28EF2EA259BA}.DbgRelease|Win32.ActiveCfg = DbgRelease|Win32
		{8127B042-356A-49F7-8B0A-28EF2EA259BA}.DbgRelease|Win32.Build.0 = DbgRelease|Win32
		{8127B042-356A-49F7-8B0A-28EF2EA259BA}.Debug_NoAudio|Win32.ActiveCfg = DebugCRTAllocator|Win32
		{8127B042-356A-49F7-8B0A-28EF2EA259BA}.Debug_NoAudio|Win32.Build.0 = DebugCRTAllocator|Win32
		{8127B042-356A-49F7-8B0A-28EF2EA259BA}.Debug|Win32.ActiveCfg = Debug|Win32
		{8127B042-356A-49F7-8B0A-28EF2EA259BA}.Debug|Win32.Build.0 = Debug|Win32
		{8127B042-356A-49F7-8B0A-28EF2EA259BA}.DebugCRTAllocator|Win32.ActiveCfg = DebugCRTAllocator|Win32
		{8127B042-356A-49F7-8B0A-28EF2EA259BA}.DebugCRTAllocator|Win32.Build.0 = DebugCRTAllocator|Win32
		{8127B042-356A-49F7-8B0A-28EF2EA259BA}.DebugStaticLib ForbidAngelicaNewDelete|Win32.ActiveCfg = DebugCRTAllocator|Win32
		{8127B042-356A-49F7-8B0A-28EF2EA259BA}.DebugStaticLib ForbidAngelicaNewDelete|Win32.Build.0 = DebugCRTAllocator|Win32
		{8127B042-356A-49F7-8B0A-28EF2EA259BA}.DebugStaticLib|Win32.ActiveCfg = DebugCRTAllocator|Win32
		{8127B042-356A-49F7-8B0A-28EF2EA259BA}.DebugStaticLib|Win32.Build.0 = DebugCRTAllocator|Win32
		{8127B042-356A-49F7-8B0A-28EF2EA259BA}.Editor Unicode Debug|Win32.ActiveCfg = Editor Unicode Debug|Win32
		{8127B042-356A-49F7-8B0A-28EF2EA259BA}.Editor Unicode Debug|Win32.Build.0 = Editor Unicode Debug|Win32
		{8127B042-356A-49F7-8B0A-28EF2EA259BA}.Editor Unicode Release|Win32.ActiveCfg = Editor Unicode Release|Win32
		{8127B042-356A-49F7-8B0A-28EF2EA259BA}.Editor Unicode Release|Win32.Build.0 = Editor Unicode Release|Win32
		{8127B042-356A-49F7-8B0A-28EF2EA259BA}.EditorDebug|Win32.ActiveCfg = Debug|Win32
		{8127B042-356A-49F7-8B0A-28EF2EA259BA}.EditorDebug|Win32.Build.0 = Debug|Win32
		{8127B042-356A-49F7-8B0A-28EF2EA259BA}.EditorRelease|Win32.ActiveCfg = Release|Win32
		{8127B042-356A-49F7-8B0A-28EF2EA259BA}.EditorRelease|Win32.Build.0 = Release|Win32
		{8127B042-356A-49F7-8B0A-28EF2EA259BA}.PhyDebug|Win32.ActiveCfg = Debug|Win32
		{8127B042-356A-49F7-8B0A-28EF2EA259BA}.PhyDebug|Win32.Build.0 = Debug|Win32
		{8127B042-356A-49F7-8B0A-28EF2EA259BA}.PhyDebugRelease|Win32.ActiveCfg = Release|Win32
		{8127B042-356A-49F7-8B0A-28EF2EA259BA}.PhyDebugRelease|Win32.Build.0 = Release|Win32
		{8127B042-356A-49F7-8B0A-28EF2EA259BA}.PhyRelease|Win32.ActiveCfg = Release|Win32
		{8127B042-356A-49F7-8B0A-28EF2EA259BA}.PhyRelease|Win32.Build.0 = Release|Win32
		{8127B042-356A-49F7-8B0A-28EF2EA259BA}.Release DebugRender|Win32.ActiveCfg = Release|Win32
		{8127B042-356A-49F7-8B0A-28EF2EA259BA}.Release DebugRender|Win32.Build.0 = Release|Win32
		{8127B042-356A-49F7-8B0A-28EF2EA259BA}.Release_NoAudio|Win32.ActiveCfg = Release|Win32
		{8127B042-356A-49F7-8B0A-28EF2EA259BA}.Release_NoAudio|Win32.Build.0 = Release|Win32
		{8127B042-356A-49F7-8B0A-28EF2EA259BA}.Release|Win32.ActiveCfg = Release|Win32
		{8127B042-356A-49F7-8B0A-28EF2EA259BA}.Release|Win32.Build.0 = Release|Win32
		{8127B042-356A-49F7-8B0A-28EF2EA259BA}.ReleaseStaticLib DebugRender|Win32.ActiveCfg = Release|Win32
		{8127B042-356A-49F7-8B0A-28EF2EA259BA}.ReleaseStaticLib DebugRender|Win32.Build.0 = Release|Win32
		{8127B042-356A-49F7-8B0A-28EF2EA259BA}.ReleaseStaticLib ForbidAngelicaNewDelete|Win32.ActiveCfg = Release|Win32
		{8127B042-356A-49F7-8B0A-28EF2EA259BA}.ReleaseStaticLib ForbidAngelicaNewDelete|Win32.Build.0 = Release|Win32
		{8127B042-356A-49F7-8B0A-28EF2EA259BA}.ReleaseStaticLib|Win32.ActiveCfg = Release|Win32
		{8127B042-356A-49F7-8B0A-28EF2EA259BA}.ReleaseStaticLib|Win32.Build.0 = Release|Win32
		{8127B042-356A-49F7-8B0A-28EF2EA259BA}.StdNewDebug|Win32.ActiveCfg = Debug|Win32
		{8127B042-356A-49F7-8B0A-28EF2EA259BA}.StdNewDebug|Win32.Build.0 = Debug|Win32
		{8127B042-356A-49F7-8B0A-28EF2EA259BA}.StdNewRelease|Win32.ActiveCfg = Release|Win32
		{8127B042-356A-49F7-8B0A-28EF2EA259BA}.StdNewRelease|Win32.Build.0 = Release|Win32
		{8127B042-356A-49F7-8B0A-28EF2EA259BA}.Unicod DebugReleaseStaticLib|Win32.ActiveCfg = Release|Win32
		{8127B042-356A-49F7-8B0A-28EF2EA259BA}.Unicod DebugReleaseStaticLib|Win32.Build.0 = Release|Win32
		{8127B042-356A-49F7-8B0A-28EF2EA259BA}.Unicode Debug|Win32.ActiveCfg = Debug|Win32
		{8127B042-356A-49F7-8B0A-28EF2EA259BA}.Unicode Debug|Win32.Build.0 = Debug|Win32
		{8127B042-356A-49F7-8B0A-28EF2EA259BA}.Unicode DebugStaticLib|Win32.ActiveCfg = Debug|Win32
		{8127B042-356A-49F7-8B0A-28EF2EA259BA}.Unicode DebugStaticLib|Win32.Build.0 = Debug|Win32
		{8127B042-356A-49F7-8B0A-28EF2EA259BA}.Unicode Release DebugRender|Win32.ActiveCfg = Release|Win32
		{8127B042-356A-49F7-8B0A-28EF2EA259BA}.Unicode Release DebugRender|Win32.Build.0 = Release|Win32
		{8127B042-356A-49F7-8B0A-28EF2EA259BA}.Unicode Release|Win32.ActiveCfg = Release|Win32
		{8127B042-356A-49F7-8B0A-28EF2EA259BA}.Unicode Release|Win32.Build.0 = Release|Win32
		{8127B042-356A-49F7-8B0A-28EF2EA259BA}.Unicode ReleaseStaticLib DebugRender|Win32.ActiveCfg = Release|Win32
		{8127B042-356A-49F7-8B0A-28EF2EA259BA}.Unicode ReleaseStaticLib DebugRender|Win32.Build.0 = Release|Win32
		{8127B042-356A-49F7-8B0A-28EF2EA259BA}.Unicode ReleaseStaticLib|Win32.ActiveCfg = Release|Win32
		{8127B042-356A-49F7-8B0A-28EF2EA259BA}.Unicode ReleaseStaticLib|Win32.Build.0 = Release|Win32
		{8127B042-356A-49F7-8B0A-28EF2EA259BA}.UnicodeEditorDebug|Win32.ActiveCfg = Debug|Win32
		{8127B042-356A-49F7-8B0A-28EF2EA259BA}.UnicodeEditorDebug|Win32.Build.0 = Debug|Win32
		{8127B042-356A-49F7-8B0A-28EF2EA259BA}.UnicodeEditorRelease|Win32.ActiveCfg = Release|Win32
		{8127B042-356A-49F7-8B0A-28EF2EA259BA}.UnicodeEditorRelease|Win32.Build.0 = Release|Win32
		{9B628196-4F60-40EA-ACC3-5E06F328AF2E}.DbgRelease_NoAudio|Win32.ActiveCfg = DebugStaticLib ForbidAngelicaNewDelete|Win32
		{9B628196-4F60-40EA-ACC3-5E06F328AF2E}.DbgRelease_NoAudio|Win32.Build.0 = DebugStaticLib ForbidAngelicaNewDelete|Win32
		{9B628196-4F60-40EA-ACC3-5E06F328AF2E}.DbgRelease|Win32.ActiveCfg = DebugStaticLib ForbidAngelicaNewDelete|Win32
		{9B628196-4F60-40EA-ACC3-5E06F328AF2E}.DbgRelease|Win32.Build.0 = DebugStaticLib ForbidAngelicaNewDelete|Win32
		{9B628196-4F60-40EA-ACC3-5E06F328AF2E}.Debug_NoAudio|Win32.ActiveCfg = DebugStaticLib ForbidAngelicaNewDelete|Win32
		{9B628196-4F60-40EA-ACC3-5E06F328AF2E}.Debug_NoAudio|Win32.Build.0 = DebugStaticLib ForbidAngelicaNewDelete|Win32
		{9B628196-4F60-40EA-ACC3-5E06F328AF2E}.Debug|Win32.ActiveCfg = DebugStaticLib|Win32
		{9B628196-4F60-40EA-ACC3-5E06F328AF2E}.Debug|Win32.Build.0 = DebugStaticLib|Win32
		{9B628196-4F60-40EA-ACC3-5E06F328AF2E}.DebugCRTAllocator|Win32.ActiveCfg = DebugStaticLib ForbidAngelicaNewDelete|Win32
		{9B628196-4F60-40EA-ACC3-5E06F328AF2E}.DebugCRTAllocator|Win32.Build.0 = DebugStaticLib ForbidAngelicaNewDelete|Win32
		{9B628196-4F60-40EA-ACC3-5E06F328AF2E}.DebugStaticLib ForbidAngelicaNewDelete|Win32.ActiveCfg = DebugStaticLib ForbidAngelicaNewDelete|Win32
		{9B628196-4F60-40EA-ACC3-5E06F328AF2E}.DebugStaticLib ForbidAngelicaNewDelete|Win32.Build.0 = DebugStaticLib ForbidAngelicaNewDelete|Win32
		{9B628196-4F60-40EA-ACC3-5E06F328AF2E}.DebugStaticLib|Win32.ActiveCfg = DebugStaticLib|Win32
		{9B628196-4F60-40EA-ACC3-5E06F328AF2E}.DebugStaticLib|Win32.Build.0 = DebugStaticLib|Win32
		{9B628196-4F60-40EA-ACC3-5E06F328AF2E}.Editor Unicode Debug|Win32.ActiveCfg = Editor Unicode Debug|Win32
		{9B628196-4F60-40EA-ACC3-5E06F328AF2E}.Editor Unicode Debug|Win32.Build.0 = Editor Unicode Debug|Win32
		{9B628196-4F60-40EA-ACC3-5E06F328AF2E}.Editor Unicode Release|Win32.ActiveCfg = Editor Unicode Release|Win32
		{9B628196-4F60-40EA-ACC3-5E06F328AF2E}.Editor Unicode Release|Win32.Build.0 = Editor Unicode Release|Win32
		{9B628196-4F60-40EA-ACC3-5E06F328AF2E}.EditorDebug|Win32.ActiveCfg = DebugStaticLib|Win32
		{9B628196-4F60-40EA-ACC3-5E06F328AF2E}.EditorDebug|Win32.Build.0 = DebugStaticLib|Win32
		{9B628196-4F60-40EA-ACC3-5E06F328AF2E}.EditorRelease|Win32.ActiveCfg = ReleaseStaticLib|Win32
		{9B628196-4F60-40EA-ACC3-5E06F328AF2E}.EditorRelease|Win32.Build.0 = ReleaseStaticLib|Win32
		{9B628196-4F60-40EA-ACC3-5E06F328AF2E}.PhyDebug|Win32.ActiveCfg = Unicode DebugStaticLib|Win32
		{9B628196-4F60-40EA-ACC3-5E06F328AF2E}.PhyDebug|Win32.Build.0 = Unicode DebugStaticLib|Win32
		{9B628196-4F60-40EA-ACC3-5E06F328AF2E}.PhyDebugRelease|Win32.ActiveCfg = Unicode DebugStaticLib|Win32
		{9B628196-4F60-40EA-ACC3-5E06F328AF2E}.PhyDebugRelease|Win32.Build.0 = Unicode DebugStaticLib|Win32
		{9B628196-4F60-40EA-ACC3-5E06F328AF2E}.PhyRelease|Win32.ActiveCfg = Unicode DebugStaticLib|Win32
		{9B628196-4F60-40EA-ACC3-5E06F328AF2E}.PhyRelease|Win32.Build.0 = Unicode DebugStaticLib|Win32
		{9B628196-4F60-40EA-ACC3-5E06F328AF2E}.Release DebugRender|Win32.ActiveCfg = ReleaseStaticLib ForbidAngelicaNewDelete|Win32
		{9B628196-4F60-40EA-ACC3-5E06F328AF2E}.Release DebugRender|Win32.Build.0 = ReleaseStaticLib ForbidAngelicaNewDelete|Win32
		{9B628196-4F60-40EA-ACC3-5E06F328AF2E}.Release_NoAudio|Win32.ActiveCfg = ReleaseStaticLib ForbidAngelicaNewDelete|Win32
		{9B628196-4F60-40EA-ACC3-5E06F328AF2E}.Release_NoAudio|Win32.Build.0 = ReleaseStaticLib ForbidAngelicaNewDelete|Win32
		{9B628196-4F60-40EA-ACC3-5E06F328AF2E}.Release|Win32.ActiveCfg = ReleaseStaticLib ForbidAngelicaNewDelete|Win32
		{9B628196-4F60-40EA-ACC3-5E06F328AF2E}.Release|Win32.Build.0 = ReleaseStaticLib ForbidAngelicaNewDelete|Win32
		{9B628196-4F60-40EA-ACC3-5E06F328AF2E}.ReleaseStaticLib DebugRender|Win32.ActiveCfg = ReleaseStaticLib DebugRender|Win32
		{9B628196-4F60-40EA-ACC3-5E06F328AF2E}.ReleaseStaticLib DebugRender|Win32.Build.0 = ReleaseStaticLib DebugRender|Win32
		{9B628196-4F60-40EA-ACC3-5E06F328AF2E}.ReleaseStaticLib ForbidAngelicaNewDelete|Win32.ActiveCfg = ReleaseStaticLib ForbidAngelicaNewDelete|Win32
		{9B628196-4F60-40EA-ACC3-5E06F328AF2E}.ReleaseStaticLib ForbidAngelicaNewDelete|Win32.Build.0 = ReleaseStaticLib ForbidAngelicaNewDelete|Win32
		{9B628196-4F60-40EA-ACC3-5E06F328AF2E}.ReleaseStaticLib|Win32.ActiveCfg = ReleaseStaticLib|Win32
		{9B628196-4F60-40EA-ACC3-5E06F328AF2E}.ReleaseStaticLib|Win32.Build.0 = ReleaseStaticLib|Win32
		{9B628196-4F60-40EA-ACC3-5E06F328AF2E}.StdNewDebug|Win32.ActiveCfg = Unicode DebugStaticLib|Win32
		{9B628196-4F60-40EA-ACC3-5E06F328AF2E}.StdNewDebug|Win32.Build.0 = Unicode DebugStaticLib|Win32
		{9B628196-4F60-40EA-ACC3-5E06F328AF2E}.StdNewRelease|Win32.ActiveCfg = Unicode DebugStaticLib|Win32
		{9B628196-4F60-40EA-ACC3-5E06F328AF2E}.StdNewRelease|Win32.Build.0 = Unicode DebugStaticLib|Win32
		{9B628196-4F60-40EA-ACC3-5E06F328AF2E}.Unicod DebugReleaseStaticLib|Win32.ActiveCfg = Unicod DebugReleaseStaticLib|Win32
		{9B628196-4F60-40EA-ACC3-5E06F328AF2E}.Unicod DebugReleaseStaticLib|Win32.Build.0 = Unicod DebugReleaseStaticLib|Win32
		{9B628196-4F60-40EA-ACC3-5E06F328AF2E}.Unicode Debug|Win32.ActiveCfg = Unicode DebugStaticLib|Win32
		{9B628196-4F60-40EA-ACC3-5E06F328AF2E}.Unicode Debug|Win32.Build.0 = Unicode DebugStaticLib|Win32
		{9B628196-4F60-40EA-ACC3-5E06F328AF2E}.Unicode DebugStaticLib|Win32.ActiveCfg = Unicode DebugStaticLib|Win32
		{9B628196-4F60-40EA-ACC3-5E06F328AF2E}.Unicode DebugStaticLib|Win32.Build.0 = Unicode DebugStaticLib|Win32
		{9B628196-4F60-40EA-ACC3-5E06F328AF2E}.Unicode Release DebugRender|Win32.ActiveCfg = Unicode ReleaseStaticLib DebugRender|Win32
		{9B628196-4F60-40EA-ACC3-5E06F328AF2E}.Unicode Release DebugRender|Win32.Build.0 = Unicode ReleaseStaticLib DebugRender|Win32
		{9B628196-4F60-40EA-ACC3-5E06F328AF2E}.Unicode Release|Win32.ActiveCfg = Unicode ReleaseStaticLib|Win32
		{9B628196-4F60-40EA-ACC3-5E06F328AF2E}.Unicode Release|Win32.Build.0 = Unicode ReleaseStaticLib|Win32
		{9B628196-4F60-40EA-ACC3-5E06F328AF2E}.Unicode ReleaseStaticLib DebugRender|Win32.ActiveCfg = Unicode ReleaseStaticLib DebugRender|Win32
		{9B628196-4F60-40EA-ACC3-5E06F328AF2E}.Unicode ReleaseStaticLib DebugRender|Win32.Build.0 = Unicode ReleaseStaticLib DebugRender|Win32
		{9B628196-4F60-40EA-ACC3-5E06F328AF2E}.Unicode ReleaseStaticLib|Win32.ActiveCfg = Unicode ReleaseStaticLib|Win32
		{9B628196-4F60-40EA-ACC3-5E06F328AF2E}.Unicode ReleaseStaticLib|Win32.Build.0 = Unicode ReleaseStaticLib|Win32
		{9B628196-4F60-40EA-ACC3-5E06F328AF2E}.UnicodeEditorDebug|Win32.ActiveCfg = Unicode DebugStaticLib|Win32
		{9B628196-4F60-40EA-ACC3-5E06F328AF2E}.UnicodeEditorDebug|Win32.Build.0 = Unicode DebugStaticLib|Win32
		{9B628196-4F60-40EA-ACC3-5E06F328AF2E}.UnicodeEditorRelease|Win32.ActiveCfg = Unicode DebugStaticLib|Win32
		{9B628196-4F60-40EA-ACC3-5E06F328AF2E}.UnicodeEditorRelease|Win32.Build.0 = Unicode DebugStaticLib|Win32
		{BEED90C6-620A-4C47-A5EE-66DB36B1C3B8}.DbgRelease_NoAudio|Win32.ActiveCfg = Release|Win32
		{BEED90C6-620A-4C47-A5EE-66DB36B1C3B8}.DbgRelease_NoAudio|Win32.Build.0 = Release|Win32
		{BEED90C6-620A-4C47-A5EE-66DB36B1C3B8}.DbgRelease|Win32.ActiveCfg = Release|Win32
		{BEED90C6-620A-4C47-A5EE-66DB36B1C3B8}.DbgRelease|Win32.Build.0 = Release|Win32
		{BEED90C6-620A-4C47-A5EE-66DB36B1C3B8}.Debug_NoAudio|Win32.ActiveCfg = Debug|Win32
		{BEED90C6-620A-4C47-A5EE-66DB36B1C3B8}.Debug_NoAudio|Win32.Build.0 = Debug|Win32
		{BEED90C6-620A-4C47-A5EE-66DB36B1C3B8}.Debug|Win32.ActiveCfg = Debug|Win32
		{BEED90C6-620A-4C47-A5EE-66DB36B1C3B8}.Debug|Win32.Build.0 = Debug|Win32
		{BEED90C6-620A-4C47-A5EE-66DB36B1C3B8}.DebugCRTAllocator|Win32.ActiveCfg = Debug|Win32
		{BEED90C6-620A-4C47-A5EE-66DB36B1C3B8}.DebugCRTAllocator|Win32.Build.0 = Debug|Win32
		{BEED90C6-620A-4C47-A5EE-66DB36B1C3B8}.DebugStaticLib ForbidAngelicaNewDelete|Win32.ActiveCfg = Debug|Win32
		{BEED90C6-620A-4C47-A5EE-66DB36B1C3B8}.DebugStaticLib ForbidAngelicaNewDelete|Win32.Build.0 = Debug|Win32
		{BEED90C6-620A-4C47-A5EE-66DB36B1C3B8}.DebugStaticLib|Win32.ActiveCfg = Debug|Win32
		{BEED90C6-620A-4C47-A5EE-66DB36B1C3B8}.DebugStaticLib|Win32.Build.0 = Debug|Win32
		{BEED90C6-620A-4C47-A5EE-66DB36B1C3B8}.Editor Unicode Debug|Win32.ActiveCfg = Editor Unicode Debug|Win32
		{BEED90C6-620A-4C47-A5EE-66DB36B1C3B8}.Editor Unicode Debug|Win32.Build.0 = Editor Unicode Debug|Win32
		{BEED90C6-620A-4C47-A5EE-66DB36B1C3B8}.Editor Unicode Release|Win32.ActiveCfg = Editor Unicode Release|Win32
		{BEED90C6-620A-4C47-A5EE-66DB36B1C3B8}.Editor Unicode Release|Win32.Build.0 = Editor Unicode Release|Win32
		{BEED90C6-620A-4C47-A5EE-66DB36B1C3B8}.EditorDebug|Win32.ActiveCfg = Debug|Win32
		{BEED90C6-620A-4C47-A5EE-66DB36B1C3B8}.EditorDebug|Win32.Build.0 = Debug|Win32
		{BEED90C6-620A-4C47-A5EE-66DB36B1C3B8}.EditorRelease|Win32.ActiveCfg = Release|Win32
		{BEED90C6-620A-4C47-A5EE-66DB36B1C3B8}.EditorRelease|Win32.Build.0 = Release|Win32
		{BEED90C6-620A-4C47-A5EE-66DB36B1C3B8}.PhyDebug|Win32.ActiveCfg = Debug|Win32
		{BEED90C6-620A-4C47-A5EE-66DB36B1C3B8}.PhyDebug|Win32.Build.0 = Debug|Win32
		{BEED90C6-620A-4C47-A5EE-66DB36B1C3B8}.PhyDebugRelease|Win32.ActiveCfg = Release|Win32
		{BEED90C6-620A-4C47-A5EE-66DB36B1C3B8}.PhyDebugRelease|Win32.Build.0 = Release|Win32
		{BEED90C6-620A-4C47-A5EE-66DB36B1C3B8}.PhyRelease|Win32.ActiveCfg = Release|Win32
		{BEED90C6-620A-4C47-A5EE-66DB36B1C3B8}.PhyRelease|Win32.Build.0 = Release|Win32
		{BEED90C6-620A-4C47-A5EE-66DB36B1C3B8}.Release DebugRender|Win32.ActiveCfg = Release|Win32
		{BEED90C6-620A-4C47-A5EE-66DB36B1C3B8}.Release DebugRender|Win32.Build.0 = Release|Win32
		{BEED90C6-620A-4C47-A5EE-66DB36B1C3B8}.Release_NoAudio|Win32.ActiveCfg = Release|Win32
		{BEED90C6-620A-4C47-A5EE-66DB36B1C3B8}.Release_NoAudio|Win32.Build.0 = Release|Win32
		{BEED90C6-620A-4C47-A5EE-66DB36B1C3B8}.Release|Win32.ActiveCfg = Release|Win32
		{BEED90C6-620A-4C47-A5EE-66DB36B1C3B8}.Release|Win32.Build.0 = Release|Win32
		{BEED90C6-620A-4C47-A5EE-66DB36B1C3B8}.ReleaseStaticLib DebugRender|Win32.ActiveCfg = Release|Win32
		{BEED90C6-620A-4C47-A5EE-66DB36B1C3B8}.ReleaseStaticLib DebugRender|Win32.Build.0 = Release|Win32
		{BEED90C6-620A-4C47-A5EE-66DB36B1C3B8}.ReleaseStaticLib ForbidAngelicaNewDelete|Win32.ActiveCfg = Release|Win32
		{BEED90C6-620A-4C47-A5EE-66DB36B1C3B8}.ReleaseStaticLib ForbidAngelicaNewDelete|Win32.Build.0 = Release|Win32
		{BEED90C6-620A-4C47-A5EE-66DB36B1C3B8}.ReleaseStaticLib|Win32.ActiveCfg = Release|Win32
		{BEED90C6-620A-4C47-A5EE-66DB36B1C3B8}.ReleaseStaticLib|Win32.Build.0 = Release|Win32
		{BEED90C6-620A-4C47-A5EE-66DB36B1C3B8}.StdNewDebug|Win32.ActiveCfg = Debug|Win32
		{BEED90C6-620A-4C47-A5EE-66DB36B1C3B8}.StdNewDebug|Win32.Build.0 = Debug|Win32
		{BEED90C6-620A-4C47-A5EE-66DB36B1C3B8}.StdNewRelease|Win32.ActiveCfg = Release|Win32
		{BEED90C6-620A-4C47-A5EE-66DB36B1C3B8}.StdNewRelease|Win32.Build.0 = Release|Win32
		{BEED90C6-620A-4C47-A5EE-66DB36B1C3B8}.Unicod DebugReleaseStaticLib|Win32.ActiveCfg = Release|Win32
		{BEED90C6-620A-4C47-A5EE-66DB36B1C3B8}.Unicod DebugReleaseStaticLib|Win32.Build.0 = Release|Win32
		{BEED90C6-620A-4C47-A5EE-66DB36B1C3B8}.Unicode Debug|Win32.ActiveCfg = Unicode Debug|Win32
		{BEED90C6-620A-4C47-A5EE-66DB36B1C3B8}.Unicode Debug|Win32.Build.0 = Unicode Debug|Win32
		{BEED90C6-620A-4C47-A5EE-66DB36B1C3B8}.Unicode DebugStaticLib|Win32.ActiveCfg = Unicode Debug|Win32
		{BEED90C6-620A-4C47-A5EE-66DB36B1C3B8}.Unicode DebugStaticLib|Win32.Build.0 = Unicode Debug|Win32
		{BEED90C6-620A-4C47-A5EE-66DB36B1C3B8}.Unicode Release DebugRender|Win32.ActiveCfg = Unicode Release|Win32
		{BEED90C6-620A-4C47-A5EE-66DB36B1C3B8}.Unicode Release DebugRender|Win32.Build.0 = Unicode Release|Win32
		{BEED90C6-620A-4C47-A5EE-66DB36B1C3B8}.Unicode Release|Win32.ActiveCfg = Unicode Release|Win32
		{BEED90C6-620A-4C47-A5EE-66DB36B1C3B8}.Unicode Release|Win32.Build.0 = Unicode Release|Win32
		{BEED90C6-620A-4C47-A5EE-66DB36B1C3B8}.Unicode ReleaseStaticLib DebugRender|Win32.ActiveCfg = Unicode Release|Win32
		{BEED90C6-620A-4C47-A5EE-66DB36B1C3B8}.Unicode ReleaseStaticLib DebugRender|Win32.Build.0 = Unicode Release|Win32
		{BEED90C6-620A-4C47-A5EE-66DB36B1C3B8}.Unicode ReleaseStaticLib|Win32.ActiveCfg = Unicode Release|Win32
		{BEED90C6-620A-4C47-A5EE-66DB36B1C3B8}.Unicode ReleaseStaticLib|Win32.Build.0 = Unicode Release|Win32
		{BEED90C6-620A-4C47-A5EE-66DB36B1C3B8}.UnicodeEditorDebug|Win32.ActiveCfg = Debug|Win32
		{BEED90C6-620A-4C47-A5EE-66DB36B1C3B8}.UnicodeEditorDebug|Win32.Build.0 = Debug|Win32
		{BEED90C6-620A-4C47-A5EE-66DB36B1C3B8}.UnicodeEditorRelease|Win32.ActiveCfg = Release|Win32
		{BEED90C6-620A-4C47-A5EE-66DB36B1C3B8}.UnicodeEditorRelease|Win32.Build.0 = Release|Win32
		{F274FE63-5081-4661-81F1-61A7D3A84C6F}.DbgRelease_NoAudio|Win32.ActiveCfg = Release|Win32
		{F274FE63-5081-4661-81F1-61A7D3A84C6F}.DbgRelease_NoAudio|Win32.Build.0 = Release|Win32
		{F274FE63-5081-4661-81F1-61A7D3A84C6F}.DbgRelease|Win32.ActiveCfg = Release|Win32
		{F274FE63-5081-4661-81F1-61A7D3A84C6F}.DbgRelease|Win32.Build.0 = Release|Win32
		{F274FE63-5081-4661-81F1-61A7D3A84C6F}.Debug_NoAudio|Win32.ActiveCfg = Debug|Win32
		{F274FE63-5081-4661-81F1-61A7D3A84C6F}.Debug_NoAudio|Win32.Build.0 = Debug|Win32
		{F274FE63-5081-4661-81F1-61A7D3A84C6F}.Debug|Win32.ActiveCfg = Debug|Win32
		{F274FE63-5081-4661-81F1-61A7D3A84C6F}.Debug|Win32.Build.0 = Debug|Win32
		{F274FE63-5081-4661-81F1-61A7D3A84C6F}.DebugCRTAllocator|Win32.ActiveCfg = Debug|Win32
		{F274FE63-5081-4661-81F1-61A7D3A84C6F}.DebugCRTAllocator|Win32.Build.0 = Debug|Win32
		{F274FE63-5081-4661-81F1-61A7D3A84C6F}.DebugStaticLib ForbidAngelicaNewDelete|Win32.ActiveCfg = Debug|Win32
		{F274FE63-5081-4661-81F1-61A7D3A84C6F}.DebugStaticLib ForbidAngelicaNewDelete|Win32.Build.0 = Debug|Win32
		{F274FE63-5081-4661-81F1-61A7D3A84C6F}.DebugStaticLib|Win32.ActiveCfg = Debug|Win32
		{F274FE63-5081-4661-81F1-61A7D3A84C6F}.DebugStaticLib|Win32.Build.0 = Debug|Win32
		{F274FE63-5081-4661-81F1-61A7D3A84C6F}.Editor Unicode Debug|Win32.ActiveCfg = Editor Unicode Debug|Win32
		{F274FE63-5081-4661-81F1-61A7D3A84C6F}.Editor Unicode Debug|Win32.Build.0 = Editor Unicode Debug|Win32
		{F274FE63-5081-4661-81F1-61A7D3A84C6F}.Editor Unicode Release|Win32.ActiveCfg = Editor Unicode Release|Win32
		{F274FE63-5081-4661-81F1-61A7D3A84C6F}.Editor Unicode Release|Win32.Build.0 = Editor Unicode Release|Win32
		{F274FE63-5081-4661-81F1-61A7D3A84C6F}.EditorDebug|Win32.ActiveCfg = Debug|Win32
		{F274FE63-5081-4661-81F1-61A7D3A84C6F}.EditorDebug|Win32.Build.0 = Debug|Win32
		{F274FE63-5081-4661-81F1-61A7D3A84C6F}.EditorRelease|Win32.ActiveCfg = Release|Win32
		{F274FE63-5081-4661-81F1-61A7D3A84C6F}.EditorRelease|Win32.Build.0 = Release|Win32
		{F274FE63-5081-4661-81F1-61A7D3A84C6F}.PhyDebug|Win32.ActiveCfg = Debug|Win32
		{F274FE63-5081-4661-81F1-61A7D3A84C6F}.PhyDebug|Win32.Build.0 = Debug|Win32
		{F274FE63-5081-4661-81F1-61A7D3A84C6F}.PhyDebugRelease|Win32.ActiveCfg = Release|Win32
		{F274FE63-5081-4661-81F1-61A7D3A84C6F}.PhyDebugRelease|Win32.Build.0 = Release|Win32
		{F274FE63-5081-4661-81F1-61A7D3A84C6F}.PhyRelease|Win32.ActiveCfg = Release|Win32
		{F274FE63-5081-4661-81F1-61A7D3A84C6F}.PhyRelease|Win32.Build.0 = Release|Win32
		{F274FE63-5081-4661-81F1-61A7D3A84C6F}.Release DebugRender|Win32.ActiveCfg = Release|Win32
		{F274FE63-5081-4661-81F1-61A7D3A84C6F}.Release DebugRender|Win32.Build.0 = Release|Win32
		{F274FE63-5081-4661-81F1-61A7D3A84C6F}.Release_NoAudio|Win32.ActiveCfg = Release|Win32
		{F274FE63-5081-4661-81F1-61A7D3A84C6F}.Release_NoAudio|Win32.Build.0 = Release|Win32
		{F274FE63-5081-4661-81F1-61A7D3A84C6F}.Release|Win32.ActiveCfg = Release|Win32
		{F274FE63-5081-4661-81F1-61A7D3A84C6F}.Release|Win32.Build.0 = Release|Win32
		{F274FE63-5081-4661-81F1-61A7D3A84C6F}.ReleaseStaticLib DebugRender|Win32.ActiveCfg = Release|Win32
		{F274FE63-5081-4661-81F1-61A7D3A84C6F}.ReleaseStaticLib DebugRender|Win32.Build.0 = Release|Win32
		{F274FE63-5081-4661-81F1-61A7D3A84C6F}.ReleaseStaticLib ForbidAngelicaNewDelete|Win32.ActiveCfg = Release|Win32
		{F274FE63-5081-4661-81F1-61A7D3A84C6F}.ReleaseStaticLib ForbidAngelicaNewDelete|Win32.Build.0 = Release|Win32
		{F274FE63-5081-4661-81F1-61A7D3A84C6F}.ReleaseStaticLib|Win32.ActiveCfg = Release|Win32
		{F274FE63-5081-4661-81F1-61A7D3A84C6F}.ReleaseStaticLib|Win32.Build.0 = Release|Win32
		{F274FE63-5081-4661-81F1-61A7D3A84C6F}.StdNewDebug|Win32.ActiveCfg = Debug|Win32
		{F274FE63-5081-4661-81F1-61A7D3A84C6F}.StdNewDebug|Win32.Build.0 = Debug|Win32
		{F274FE63-5081-4661-81F1-61A7D3A84C6F}.StdNewRelease|Win32.ActiveCfg = Release|Win32
		{F274FE63-5081-4661-81F1-61A7D3A84C6F}.StdNewRelease|Win32.Build.0 = Release|Win32
		{F274FE63-5081-4661-81F1-61A7D3A84C6F}.Unicod DebugReleaseStaticLib|Win32.ActiveCfg = Release|Win32
		{F274FE63-5081-4661-81F1-61A7D3A84C6F}.Unicod DebugReleaseStaticLib|Win32.Build.0 = Release|Win32
		{F274FE63-5081-4661-81F1-61A7D3A84C6F}.Unicode Debug|Win32.ActiveCfg = Debug|Win32
		{F274FE63-5081-4661-81F1-61A7D3A84C6F}.Unicode Debug|Win32.Build.0 = Debug|Win32
		{F274FE63-5081-4661-81F1-61A7D3A84C6F}.Unicode DebugStaticLib|Win32.ActiveCfg = Debug|Win32
		{F274FE63-5081-4661-81F1-61A7D3A84C6F}.Unicode DebugStaticLib|Win32.Build.0 = Debug|Win32
		{F274FE63-5081-4661-81F1-61A7D3A84C6F}.Unicode Release DebugRender|Win32.ActiveCfg = Release|Win32
		{F274FE63-5081-4661-81F1-61A7D3A84C6F}.Unicode Release DebugRender|Win32.Build.0 = Release|Win32
		{F274FE63-5081-4661-81F1-61A7D3A84C6F}.Unicode Release|Win32.ActiveCfg = Release|Win32
		{F274FE63-5081-4661-81F1-61A7D3A84C6F}.Unicode Release|Win32.Build.0 = Release|Win32
		{F274FE63-5081-4661-81F1-61A7D3A84C6F}.Unicode ReleaseStaticLib DebugRender|Win32.ActiveCfg = Release|Win32
		{F274FE63-5081-4661-81F1-61A7D3A84C6F}.Unicode ReleaseStaticLib DebugRender|Win32.Build.0 = Release|Win32
		{F274FE63-5081-4661-81F1-61A7D3A84C6F}.Unicode ReleaseStaticLib|Win32.ActiveCfg = Release|Win32
		{F274FE63-5081-4661-81F1-61A7D3A84C6F}.Unicode ReleaseStaticLib|Win32.Build.0 = Release|Win32
		{F274FE63-5081-4661-81F1-61A7D3A84C6F}.UnicodeEditorDebug|Win32.ActiveCfg = Debug|Win32
		{F274FE63-5081-4661-81F1-61A7D3A84C6F}.UnicodeEditorDebug|Win32.Build.0 = Debug|Win32
		{F274FE63-5081-4661-81F1-61A7D3A84C6F}.UnicodeEditorRelease|Win32.ActiveCfg = Release|Win32
		{F274FE63-5081-4661-81F1-61A7D3A84C6F}.UnicodeEditorRelease|Win32.Build.0 = Release|Win32
		{65B587D0-E310-4550-8E58-77EAF9501E92}.DbgRelease_NoAudio|Win32.ActiveCfg = DbgRelease_NoAudio|Win32
		{65B587D0-E310-4550-8E58-77EAF9501E92}.DbgRelease_NoAudio|Win32.Build.0 = DbgRelease_NoAudio|Win32
		{65B587D0-E310-4550-8E58-77EAF9501E92}.DbgRelease|Win32.ActiveCfg = DbgRelease|Win32
		{65B587D0-E310-4550-8E58-77EAF9501E92}.DbgRelease|Win32.Build.0 = DbgRelease|Win32
		{65B587D0-E310-4550-8E58-77EAF9501E92}.Debug_NoAudio|Win32.ActiveCfg = Debug_NoAudio|Win32
		{65B587D0-E310-4550-8E58-77EAF9501E92}.Debug_NoAudio|Win32.Build.0 = Debug_NoAudio|Win32
		{65B587D0-E310-4550-8E58-77EAF9501E92}.Debug|Win32.ActiveCfg = Debug|Win32
		{65B587D0-E310-4550-8E58-77EAF9501E92}.Debug|Win32.Build.0 = Debug|Win32
		{65B587D0-E310-4550-8E58-77EAF9501E92}.DebugCRTAllocator|Win32.ActiveCfg = Debug_NoAudio|Win32
		{65B587D0-E310-4550-8E58-77EAF9501E92}.DebugCRTAllocator|Win32.Build.0 = Debug_NoAudio|Win32
		{65B587D0-E310-4550-8E58-77EAF9501E92}.DebugStaticLib ForbidAngelicaNewDelete|Win32.ActiveCfg = Debug_NoAudio|Win32
		{65B587D0-E310-4550-8E58-77EAF9501E92}.DebugStaticLib ForbidAngelicaNewDelete|Win32.Build.0 = Debug_NoAudio|Win32
		{65B587D0-E310-4550-8E58-77EAF9501E92}.DebugStaticLib|Win32.ActiveCfg = Debug_NoAudio|Win32
		{65B587D0-E310-4550-8E58-77EAF9501E92}.DebugStaticLib|Win32.Build.0 = Debug_NoAudio|Win32
		{65B587D0-E310-4550-8E58-77EAF9501E92}.Editor Unicode Debug|Win32.ActiveCfg = Editor Unicode Debug|Win32
		{65B587D0-E310-4550-8E58-77EAF9501E92}.Editor Unicode Debug|Win32.Build.0 = Editor Unicode Debug|Win32
		{65B587D0-E310-4550-8E58-77EAF9501E92}.Editor Unicode Release|Win32.ActiveCfg = Editor Unicode Release|Win32
		{65B587D0-E310-4550-8E58-77EAF9501E92}.Editor Unicode Release|Win32.Build.0 = Editor Unicode Release|Win32
		{65B587D0-E310-4550-8E58-77EAF9501E92}.EditorDebug|Win32.ActiveCfg = Debug|Win32
		{65B587D0-E310-4550-8E58-77EAF9501E92}.EditorDebug|Win32.Build.0 = Debug|Win32
		{65B587D0-E310-4550-8E58-77EAF9501E92}.EditorRelease|Win32.ActiveCfg = Release|Win32
		{65B587D0-E310-4550-8E58-77EAF9501E92}.EditorRelease|Win32.Build.0 = Release|Win32
		{65B587D0-E310-4550-8E58-77EAF9501E92}.PhyDebug|Win32.ActiveCfg = Debug|Win32
		{65B587D0-E310-4550-8E58-77EAF9501E92}.PhyDebug|Win32.Build.0 = Debug|Win32
		{65B587D0-E310-4550-8E58-77EAF9501E92}.PhyDebugRelease|Win32.ActiveCfg = Release|Win32
		{65B587D0-E310-4550-8E58-77EAF9501E92}.PhyDebugRelease|Win32.Build.0 = Release|Win32
		{65B587D0-E310-4550-8E58-77EAF9501E92}.PhyRelease|Win32.ActiveCfg = Release|Win32
		{65B587D0-E310-4550-8E58-77EAF9501E92}.PhyRelease|Win32.Build.0 = Release|Win32
		{65B587D0-E310-4550-8E58-77EAF9501E92}.Release DebugRender|Win32.ActiveCfg = Release_NoAudio|Win32
		{65B587D0-E310-4550-8E58-77EAF9501E92}.Release DebugRender|Win32.Build.0 = Release_NoAudio|Win32
		{65B587D0-E310-4550-8E58-77EAF9501E92}.Release_NoAudio|Win32.ActiveCfg = Release_NoAudio|Win32
		{65B587D0-E310-4550-8E58-77EAF9501E92}.Release_NoAudio|Win32.Build.0 = Release_NoAudio|Win32
		{65B587D0-E310-4550-8E58-77EAF9501E92}.Release|Win32.ActiveCfg = Release|Win32
		{65B587D0-E310-4550-8E58-77EAF9501E92}.Release|Win32.Build.0 = Release|Win32
		{65B587D0-E310-4550-8E58-77EAF9501E92}.ReleaseStaticLib DebugRender|Win32.ActiveCfg = Release_NoAudio|Win32
		{65B587D0-E310-4550-8E58-77EAF9501E92}.ReleaseStaticLib DebugRender|Win32.Build.0 = Release_NoAudio|Win32
		{65B587D0-E310-4550-8E58-77EAF9501E92}.ReleaseStaticLib ForbidAngelicaNewDelete|Win32.ActiveCfg = Release_NoAudio|Win32
		{65B587D0-E310-4550-8E58-77EAF9501E92}.ReleaseStaticLib ForbidAngelicaNewDelete|Win32.Build.0 = Release_NoAudio|Win32
		{65B587D0-E310-4550-8E58-77EAF9501E92}.ReleaseStaticLib|Win32.ActiveCfg = Release_NoAudio|Win32
		{65B587D0-E310-4550-8E58-77EAF9501E92}.ReleaseStaticLib|Win32.Build.0 = Release_NoAudio|Win32
		{65B587D0-E310-4550-8E58-77EAF9501E92}.StdNewDebug|Win32.ActiveCfg = Debug|Win32
		{65B587D0-E310-4550-8E58-77EAF9501E92}.StdNewDebug|Win32.Build.0 = Debug|Win32
		{65B587D0-E310-4550-8E58-77EAF9501E92}.StdNewRelease|Win32.ActiveCfg = Release|Win32
		{65B587D0-E310-4550-8E58-77EAF9501E92}.StdNewRelease|Win32.Build.0 = Release|Win32
		{65B587D0-E310-4550-8E58-77EAF9501E92}.Unicod DebugReleaseStaticLib|Win32.ActiveCfg = Release|Win32
		{65B587D0-E310-4550-8E58-77EAF9501E92}.Unicod DebugReleaseStaticLib|Win32.Build.0 = Release|Win32
		{65B587D0-E310-4550-8E58-77EAF9501E92}.Unicode Debug|Win32.ActiveCfg = Editor Unicode Debug|Win32
		{65B587D0-E310-4550-8E58-77EAF9501E92}.Unicode Debug|Win32.Build.0 = Editor Unicode Debug|Win32
		{65B587D0-E310-4550-8E58-77EAF9501E92}.Unicode DebugStaticLib|Win32.ActiveCfg = Debug|Win32
		{65B587D0-E310-4550-8E58-77EAF9501E92}.Unicode DebugStaticLib|Win32.Build.0 = Debug|Win32
		{65B587D0-E310-4550-8E58-77EAF9501E92}.Unicode Release DebugRender|Win32.ActiveCfg = Release|Win32
		{65B587D0-E310-4550-8E58-77EAF9501E92}.Unicode Release DebugRender|Win32.Build.0 = Release|Win32
		{65B587D0-E310-4550-8E58-77EAF9501E92}.Unicode Release|Win32.ActiveCfg = Editor Unicode Release|Win32
		{65B587D0-E310-4550-8E58-77EAF9501E92}.Unicode Release|Win32.Build.0 = Editor Unicode Release|Win32
		{65B587D0-E310-4550-8E58-77EAF9501E92}.Unicode ReleaseStaticLib DebugRender|Win32.ActiveCfg = Release|Win32
		{65B587D0-E310-4550-8E58-77EAF9501E92}.Unicode ReleaseStaticLib DebugRender|Win32.Build.0 = Release|Win32
		{65B587D0-E310-4550-8E58-77EAF9501E92}.Unicode ReleaseStaticLib|Win32.ActiveCfg = Release|Win32
		{65B587D0-E310-4550-8E58-77EAF9501E92}.Unicode ReleaseStaticLib|Win32.Build.0 = Release|Win32
		{65B587D0-E310-4550-8E58-77EAF9501E92}.UnicodeEditorDebug|Win32.ActiveCfg = Debug|Win32
		{65B587D0-E310-4550-8E58-77EAF9501E92}.UnicodeEditorDebug|Win32.Build.0 = Debug|Win32
		{65B587D0-E310-4550-8E58-77EAF9501E92}.UnicodeEditorRelease|Win32.ActiveCfg = Release|Win32
		{65B587D0-E310-4550-8E58-77EAF9501E92}.UnicodeEditorRelease|Win32.Build.0 = Release|Win32
		{0DFD9329-588B-43F2-A005-88C60247FD5C}.DbgRelease_NoAudio|Win32.ActiveCfg = DbgRelease|Win32
		{0DFD9329-588B-43F2-A005-88C60247FD5C}.DbgRelease_NoAudio|Win32.Build.0 = DbgRelease|Win32
		{0DFD9329-588B-43F2-A005-88C60247FD5C}.DbgRelease|Win32.ActiveCfg = DbgRelease|Win32
		{0DFD9329-588B-43F2-A005-88C60247FD5C}.DbgRelease|Win32.Build.0 = DbgRelease|Win32
		{0DFD9329-588B-43F2-A005-88C60247FD5C}.Debug_NoAudio|Win32.ActiveCfg = Debug|Win32
		{0DFD9329-588B-43F2-A005-88C60247FD5C}.Debug_NoAudio|Win32.Build.0 = Debug|Win32
		{0DFD9329-588B-43F2-A005-88C60247FD5C}.Debug|Win32.ActiveCfg = Debug|Win32
		{0DFD9329-588B-43F2-A005-88C60247FD5C}.Debug|Win32.Build.0 = Debug|Win32
		{0DFD9329-588B-43F2-A005-88C60247FD5C}.DebugCRTAllocator|Win32.ActiveCfg = Debug|Win32
		{0DFD9329-588B-43F2-A005-88C60247FD5C}.DebugCRTAllocator|Win32.Build.0 = Debug|Win32
		{0DFD9329-588B-43F2-A005-88C60247FD5C}.DebugStaticLib ForbidAngelicaNewDelete|Win32.ActiveCfg = Debug|Win32
		{0DFD9329-588B-43F2-A005-88C60247FD5C}.DebugStaticLib ForbidAngelicaNewDelete|Win32.Build.0 = Debug|Win32
		{0DFD9329-588B-43F2-A005-88C60247FD5C}.DebugStaticLib|Win32.ActiveCfg = Debug|Win32
		{0DFD9329-588B-43F2-A005-88C60247FD5C}.DebugStaticLib|Win32.Build.0 = Debug|Win32
		{0DFD9329-588B-43F2-A005-88C60247FD5C}.Editor Unicode Debug|Win32.ActiveCfg = Editor Unicode Debug|Win32
		{0DFD9329-588B-43F2-A005-88C60247FD5C}.Editor Unicode Debug|Win32.Build.0 = Editor Unicode Debug|Win32
		{0DFD9329-588B-43F2-A005-88C60247FD5C}.Editor Unicode Release|Win32.ActiveCfg = Editor Unicode Release|Win32
		{0DFD9329-588B-43F2-A005-88C60247FD5C}.Editor Unicode Release|Win32.Build.0 = Editor Unicode Release|Win32
		{0DFD9329-588B-43F2-A005-88C60247FD5C}.EditorDebug|Win32.ActiveCfg = EditorDebug|Win32
		{0DFD9329-588B-43F2-A005-88C60247FD5C}.EditorDebug|Win32.Build.0 = EditorDebug|Win32
		{0DFD9329-588B-43F2-A005-88C60247FD5C}.EditorRelease|Win32.ActiveCfg = EditorRelease|Win32
		{0DFD9329-588B-43F2-A005-88C60247FD5C}.EditorRelease|Win32.Build.0 = EditorRelease|Win32
		{0DFD9329-588B-43F2-A005-88C60247FD5C}.PhyDebug|Win32.ActiveCfg = PhyDebug|Win32
		{0DFD9329-588B-43F2-A005-88C60247FD5C}.PhyDebug|Win32.Build.0 = PhyDebug|Win32
		{0DFD9329-588B-43F2-A005-88C60247FD5C}.PhyDebugRelease|Win32.ActiveCfg = PhyDebugRelease|Win32
		{0DFD9329-588B-43F2-A005-88C60247FD5C}.PhyDebugRelease|Win32.Build.0 = PhyDebugRelease|Win32
		{0DFD9329-588B-43F2-A005-88C60247FD5C}.PhyRelease|Win32.ActiveCfg = PhyRelease|Win32
		{0DFD9329-588B-43F2-A005-88C60247FD5C}.PhyRelease|Win32.Build.0 = PhyRelease|Win32
		{0DFD9329-588B-43F2-A005-88C60247FD5C}.Release DebugRender|Win32.ActiveCfg = Release|Win32
		{0DFD9329-588B-43F2-A005-88C60247FD5C}.Release DebugRender|Win32.Build.0 = Release|Win32
		{0DFD9329-588B-43F2-A005-88C60247FD5C}.Release_NoAudio|Win32.ActiveCfg = Release|Win32
		{0DFD9329-588B-43F2-A005-88C60247FD5C}.Release_NoAudio|Win32.Build.0 = Release|Win32
		{0DFD9329-588B-43F2-A005-88C60247FD5C}.Release|Win32.ActiveCfg = Release|Win32
		{0DFD9329-588B-43F2-A005-88C60247FD5C}.Release|Win32.Build.0 = Release|Win32
		{0DFD9329-588B-43F2-A005-88C60247FD5C}.ReleaseStaticLib DebugRender|Win32.ActiveCfg = Release|Win32
		{0DFD9329-588B-43F2-A005-88C60247FD5C}.ReleaseStaticLib DebugRender|Win32.Build.0 = Release|Win32
		{0DFD9329-588B-43F2-A005-88C60247FD5C}.ReleaseStaticLib ForbidAngelicaNewDelete|Win32.ActiveCfg = Release|Win32
		{0DFD9329-588B-43F2-A005-88C60247FD5C}.ReleaseStaticLib ForbidAngelicaNewDelete|Win32.Build.0 = Release|Win32
		{0DFD9329-588B-43F2-A005-88C60247FD5C}.ReleaseStaticLib|Win32.ActiveCfg = Release|Win32
		{0DFD9329-588B-43F2-A005-88C60247FD5C}.ReleaseStaticLib|Win32.Build.0 = Release|Win32
		{0DFD9329-588B-43F2-A005-88C60247FD5C}.StdNewDebug|Win32.ActiveCfg = Debug|Win32
		{0DFD9329-588B-43F2-A005-88C60247FD5C}.StdNewDebug|Win32.Build.0 = Debug|Win32
		{0DFD9329-588B-43F2-A005-88C60247FD5C}.StdNewRelease|Win32.ActiveCfg = Release|Win32
		{0DFD9329-588B-43F2-A005-88C60247FD5C}.StdNewRelease|Win32.Build.0 = Release|Win32
		{0DFD9329-588B-43F2-A005-88C60247FD5C}.Unicod DebugReleaseStaticLib|Win32.ActiveCfg = Release|Win32
		{0DFD9329-588B-43F2-A005-88C60247FD5C}.Unicod DebugReleaseStaticLib|Win32.Build.0 = Release|Win32
		{0DFD9329-588B-43F2-A005-88C60247FD5C}.Unicode Debug|Win32.ActiveCfg = Debug|Win32
		{0DFD9329-588B-43F2-A005-88C60247FD5C}.Unicode Debug|Win32.Build.0 = Debug|Win32
		{0DFD9329-588B-43F2-A005-88C60247FD5C}.Unicode DebugStaticLib|Win32.ActiveCfg = Debug|Win32
		{0DFD9329-588B-43F2-A005-88C60247FD5C}.Unicode DebugStaticLib|Win32.Build.0 = Debug|Win32
		{0DFD9329-588B-43F2-A005-88C60247FD5C}.Unicode Release DebugRender|Win32.ActiveCfg = Release|Win32
		{0DFD9329-588B-43F2-A005-88C60247FD5C}.Unicode Release DebugRender|Win32.Build.0 = Release|Win32
		{0DFD9329-588B-43F2-A005-88C60247FD5C}.Unicode Release|Win32.ActiveCfg = Release|Win32
		{0DFD9329-588B-43F2-A005-88C60247FD5C}.Unicode Release|Win32.Build.0 = Release|Win32
		{0DFD9329-588B-43F2-A005-88C60247FD5C}.Unicode ReleaseStaticLib DebugRender|Win32.ActiveCfg = Release|Win32
		{0DFD9329-588B-43F2-A005-88C60247FD5C}.Unicode ReleaseStaticLib DebugRender|Win32.Build.0 = Release|Win32
		{0DFD9329-588B-43F2-A005-88C60247FD5C}.Unicode ReleaseStaticLib|Win32.ActiveCfg = Release|Win32
		{0DFD9329-588B-43F2-A005-88C60247FD5C}.Unicode ReleaseStaticLib|Win32.Build.0 = Release|Win32
		{0DFD9329-588B-43F2-A005-88C60247FD5C}.UnicodeEditorDebug|Win32.ActiveCfg = Debug|Win32
		{0DFD9329-588B-43F2-A005-88C60247FD5C}.UnicodeEditorDebug|Win32.Build.0 = Debug|Win32
		{0DFD9329-588B-43F2-A005-88C60247FD5C}.UnicodeEditorRelease|Win32.ActiveCfg = Release|Win32
		{0DFD9329-588B-43F2-A005-88C60247FD5C}.UnicodeEditorRelease|Win32.Build.0 = Release|Win32
		{D2D09E72-50D0-4097-A6CD-350D90817938}.DbgRelease_NoAudio|Win32.ActiveCfg = Release|Win32
		{D2D09E72-50D0-4097-A6CD-350D90817938}.DbgRelease_NoAudio|Win32.Build.0 = Release|Win32
		{D2D09E72-50D0-4097-A6CD-350D90817938}.DbgRelease|Win32.ActiveCfg = Release|Win32
		{D2D09E72-50D0-4097-A6CD-350D90817938}.DbgRelease|Win32.Build.0 = Release|Win32
		{D2D09E72-50D0-4097-A6CD-350D90817938}.Debug_NoAudio|Win32.ActiveCfg = Debug|Win32
		{D2D09E72-50D0-4097-A6CD-350D90817938}.Debug_NoAudio|Win32.Build.0 = Debug|Win32
		{D2D09E72-50D0-4097-A6CD-350D90817938}.Debug|Win32.ActiveCfg = Debug|Win32
		{D2D09E72-50D0-4097-A6CD-350D90817938}.Debug|Win32.Build.0 = Debug|Win32
		{D2D09E72-50D0-4097-A6CD-350D90817938}.DebugCRTAllocator|Win32.ActiveCfg = Debug|Win32
		{D2D09E72-50D0-4097-A6CD-350D90817938}.DebugCRTAllocator|Win32.Build.0 = Debug|Win32
		{D2D09E72-50D0-4097-A6CD-350D90817938}.DebugStaticLib ForbidAngelicaNewDelete|Win32.ActiveCfg = Debug|Win32
		{D2D09E72-50D0-4097-A6CD-350D90817938}.DebugStaticLib ForbidAngelicaNewDelete|Win32.Build.0 = Debug|Win32
		{D2D09E72-50D0-4097-A6CD-350D90817938}.DebugStaticLib|Win32.ActiveCfg = Debug|Win32
		{D2D09E72-50D0-4097-A6CD-350D90817938}.DebugStaticLib|Win32.Build.0 = Debug|Win32
		{D2D09E72-50D0-4097-A6CD-350D90817938}.Editor Unicode Debug|Win32.ActiveCfg = Editor Unicode Debug|Win32
		{D2D09E72-50D0-4097-A6CD-350D90817938}.Editor Unicode Debug|Win32.Build.0 = Editor Unicode Debug|Win32
		{D2D09E72-50D0-4097-A6CD-350D90817938}.Editor Unicode Release|Win32.ActiveCfg = Editor Unicode Release|Win32
		{D2D09E72-50D0-4097-A6CD-350D90817938}.Editor Unicode Release|Win32.Build.0 = Editor Unicode Release|Win32
		{D2D09E72-50D0-4097-A6CD-350D90817938}.EditorDebug|Win32.ActiveCfg = Debug|Win32
		{D2D09E72-50D0-4097-A6CD-350D90817938}.EditorDebug|Win32.Build.0 = Debug|Win32
		{D2D09E72-50D0-4097-A6CD-350D90817938}.EditorRelease|Win32.ActiveCfg = Release|Win32
		{D2D09E72-50D0-4097-A6CD-350D90817938}.EditorRelease|Win32.Build.0 = Release|Win32
		{D2D09E72-50D0-4097-A6CD-350D90817938}.PhyDebug|Win32.ActiveCfg = Debug|Win32
		{D2D09E72-50D0-4097-A6CD-350D90817938}.PhyDebug|Win32.Build.0 = Debug|Win32
		{D2D09E72-50D0-4097-A6CD-350D90817938}.PhyDebugRelease|Win32.ActiveCfg = Release|Win32
		{D2D09E72-50D0-4097-A6CD-350D90817938}.PhyDebugRelease|Win32.Build.0 = Release|Win32
		{D2D09E72-50D0-4097-A6CD-350D90817938}.PhyRelease|Win32.ActiveCfg = Release|Win32
		{D2D09E72-50D0-4097-A6CD-350D90817938}.PhyRelease|Win32.Build.0 = Release|Win32
		{D2D09E72-50D0-4097-A6CD-350D90817938}.Release DebugRender|Win32.ActiveCfg = Release|Win32
		{D2D09E72-50D0-4097-A6CD-350D90817938}.Release DebugRender|Win32.Build.0 = Release|Win32
		{D2D09E72-50D0-4097-A6CD-350D90817938}.Release_NoAudio|Win32.ActiveCfg = Release|Win32
		{D2D09E72-50D0-4097-A6CD-350D90817938}.Release_NoAudio|Win32.Build.0 = Release|Win32
		{D2D09E72-50D0-4097-A6CD-350D90817938}.Release|Win32.ActiveCfg = Release|Win32
		{D2D09E72-50D0-4097-A6CD-350D90817938}.Release|Win32.Build.0 = Release|Win32
		{D2D09E72-50D0-4097-A6CD-350D90817938}.ReleaseStaticLib DebugRender|Win32.ActiveCfg = Release|Win32
		{D2D09E72-50D0-4097-A6CD-350D90817938}.ReleaseStaticLib DebugRender|Win32.Build.0 = Release|Win32
		{D2D09E72-50D0-4097-A6CD-350D90817938}.ReleaseStaticLib ForbidAngelicaNewDelete|Win32.ActiveCfg = Release|Win32
		{D2D09E72-50D0-4097-A6CD-350D90817938}.ReleaseStaticLib ForbidAngelicaNewDelete|Win32.Build.0 = Release|Win32
		{D2D09E72-50D0-4097-A6CD-350D90817938}.ReleaseStaticLib|Win32.ActiveCfg = Release|Win32
		{D2D09E72-50D0-4097-A6CD-350D90817938}.ReleaseStaticLib|Win32.Build.0 = Release|Win32
		{D2D09E72-50D0-4097-A6CD-350D90817938}.StdNewDebug|Win32.ActiveCfg = Debug|Win32
		{D2D09E72-50D0-4097-A6CD-350D90817938}.StdNewDebug|Win32.Build.0 = Debug|Win32
		{D2D09E72-50D0-4097-A6CD-350D90817938}.StdNewRelease|Win32.ActiveCfg = Release|Win32
		{D2D09E72-50D0-4097-A6CD-350D90817938}.StdNewRelease|Win32.Build.0 = Release|Win32
		{D2D09E72-50D0-4097-A6CD-350D90817938}.Unicod DebugReleaseStaticLib|Win32.ActiveCfg = Release|Win32
		{D2D09E72-50D0-4097-A6CD-350D90817938}.Unicod DebugReleaseStaticLib|Win32.Build.0 = Release|Win32
		{D2D09E72-50D0-4097-A6CD-350D90817938}.Unicode Debug|Win32.ActiveCfg = Debug|Win32
		{D2D09E72-50D0-4097-A6CD-350D90817938}.Unicode Debug|Win32.Build.0 = Debug|Win32
		{D2D09E72-50D0-4097-A6CD-350D90817938}.Unicode DebugStaticLib|Win32.ActiveCfg = Debug|Win32
		{D2D09E72-50D0-4097-A6CD-350D90817938}.Unicode DebugStaticLib|Win32.Build.0 = Debug|Win32
		{D2D09E72-50D0-4097-A6CD-350D90817938}.Unicode Release DebugRender|Win32.ActiveCfg = Release|Win32
		{D2D09E72-50D0-4097-A6CD-350D90817938}.Unicode Release DebugRender|Win32.Build.0 = Release|Win32
		{D2D09E72-50D0-4097-A6CD-350D90817938}.Unicode Release|Win32.ActiveCfg = Release|Win32
		{D2D09E72-50D0-4097-A6CD-350D90817938}.Unicode Release|Win32.Build.0 = Release|Win32
		{D2D09E72-50D0-4097-A6CD-350D90817938}.Unicode ReleaseStaticLib DebugRender|Win32.ActiveCfg = Release|Win32
		{D2D09E72-50D0-4097-A6CD-350D90817938}.Unicode ReleaseStaticLib DebugRender|Win32.Build.0 = Release|Win32
		{D2D09E72-50D0-4097-A6CD-350D90817938}.Unicode ReleaseStaticLib|Win32.ActiveCfg = Release|Win32
		{D2D09E72-50D0-4097-A6CD-350D90817938}.Unicode ReleaseStaticLib|Win32.Build.0 = Release|Win32
		{D2D09E72-50D0-4097-A6CD-350D90817938}.UnicodeEditorDebug|Win32.ActiveCfg = Debug|Win32
		{D2D09E72-50D0-4097-A6CD-350D90817938}.UnicodeEditorDebug|Win32.Build.0 = Debug|Win32
		{D2D09E72-50D0-4097-A6CD-350D90817938}.UnicodeEditorRelease|Win32.ActiveCfg = Release|Win32
		{D2D09E72-50D0-4097-A6CD-350D90817938}.UnicodeEditorRelease|Win32.Build.0 = Release|Win32
	EndGlobalSection
	GlobalSection(SolutionProperties) = preSolution
		HideSolutionNode = FALSE
	EndGlobalSection
	GlobalSection(ExtensibilityGlobals) = postSolution
		SolutionGuid = {3416D4C9-0F3F-473F-BF2B-0BBECB08F14E}
	EndGlobalSection
EndGlobal
