<?xml version="1.0" encoding="utf-8"?>
<Project ToolsVersion="4.0" xmlns="http://schemas.microsoft.com/developer/msbuild/2003">
  <ItemGroup>
    <Filter Include="Source Files">
      <UniqueIdentifier>{4FC737F1-C7A5-4376-A066-2A32D752A2FF}</UniqueIdentifier>
      <Extensions>cpp;c;cc;cxx;def;odl;idl;hpj;bat;asm;asmx</Extensions>
    </Filter>
    <Filter Include="Header Files">
      <UniqueIdentifier>{93995380-89BD-4b04-88EB-625FBE52EBFB}</UniqueIdentifier>
      <Extensions>h;hpp;hxx;hm;inl;inc;xsd</Extensions>
    </Filter>
    <Filter Include="Resource Files">
      <UniqueIdentifier>{67DA6AB6-F800-4c08-8B7A-83BB121AAD01}</UniqueIdentifier>
      <Extensions>rc;ico;cur;bmp;dlg;rc2;rct;bin;rgs;gif;jpg;jpeg;jpe;resx;tiff;tif;png;wav</Extensions>
    </Filter>
    <Filter Include="Wrappers">
      <UniqueIdentifier>{faac5f32-009f-4dc5-8857-b50add183d7e}</UniqueIdentifier>
    </Filter>
    <Filter Include="ExportImpls">
      <UniqueIdentifier>{912919a0-d4a0-4ccb-93fa-40647ada6c96}</UniqueIdentifier>
    </Filter>
    <Filter Include="AFileDialog2">
      <UniqueIdentifier>{5d09bd5a-4d01-438e-98e1-d83332971cc5}</UniqueIdentifier>
    </Filter>
    <Filter Include="Preview">
      <UniqueIdentifier>{2e3add71-56d5-433d-8b83-ce92126334ac}</UniqueIdentifier>
    </Filter>
    <Filter Include="Preview\RenderItem">
      <UniqueIdentifier>{ec57171e-6691-4e5b-a42b-fedde21a1f86}</UniqueIdentifier>
    </Filter>
    <Filter Include="CommonFile">
      <UniqueIdentifier>{7a30bb1e-fd65-4e51-813b-a605e8664d0a}</UniqueIdentifier>
    </Filter>
  </ItemGroup>
  <ItemGroup>
    <ClCompile Include="..\AFileDialogDll\AFileDialog.cpp">
      <Filter>Source Files</Filter>
    </ClCompile>
    <ClCompile Include="..\AFileDialogDll\AFileDialogDll.cpp">
      <Filter>Source Files</Filter>
    </ClCompile>
    <ClCompile Include="..\AFileDialogDll\AFileGfxInterface.cpp">
      <Filter>Source Files</Filter>
    </ClCompile>
    <ClCompile Include="..\AFileDialogDll\AFileSkillGfxEventMan.cpp">
      <Filter>Source Files</Filter>
    </ClCompile>
    <ClCompile Include="..\AFileDialogDll\AFTaskPlaySound.cpp">
      <Filter>Source Files</Filter>
    </ClCompile>
    <ClCompile Include="..\AFileDialogDll\AListCtrl.cpp">
      <Filter>Source Files</Filter>
    </ClCompile>
    <ClCompile Include="..\AFileDialogDll\DynSizeCtrl.cpp">
      <Filter>Source Files</Filter>
    </ClCompile>
    <ClCompile Include="..\AFileDialogDll\Render.cpp">
      <Filter>Source Files</Filter>
    </ClCompile>
    <ClCompile Include="..\AFileDialogDll\StdAfx.cpp">
      <Filter>Source Files</Filter>
    </ClCompile>
    <ClCompile Include="..\AFileDialogDll\AFileDialogWrapper.cpp">
      <Filter>Wrappers</Filter>
    </ClCompile>
    <ClCompile Include="..\AFileDialogDll\AFileImageWrapper.cpp">
      <Filter>Wrappers</Filter>
    </ClCompile>
    <ClCompile Include="..\AFileDialogDll\AImagePreviewWrapper.cpp">
      <Filter>Wrappers</Filter>
    </ClCompile>
    <ClCompile Include="..\AFileDialogDll\ASoundPlayerWrapper.cpp">
      <Filter>Wrappers</Filter>
    </ClCompile>
    <ClCompile Include="..\AFileDialogDll\AImagePreviewImpl.cpp">
      <Filter>ExportImpls</Filter>
    </ClCompile>
    <ClCompile Include="..\AFileDialogDll\ASoundPlayerImpl.cpp">
      <Filter>ExportImpls</Filter>
    </ClCompile>
    <ClCompile Include="..\AFileDialogDll\AFileDialog2.cpp">
      <Filter>AFileDialog2</Filter>
    </ClCompile>
    <ClCompile Include="..\AFileDialogDll\AFileItem.cpp">
      <Filter>AFileDialog2</Filter>
    </ClCompile>
    <ClCompile Include="..\AFileDialogDll\AFileItemType.cpp">
      <Filter>AFileDialog2</Filter>
    </ClCompile>
    <ClCompile Include="..\AFileDialogDll\AListCtrl2.cpp">
      <Filter>AFileDialog2</Filter>
    </ClCompile>
    <ClCompile Include="..\AFileDialogDll\AFilePreview.cpp">
      <Filter>Preview</Filter>
    </ClCompile>
    <ClCompile Include="..\AFileDialogDll\AFilePreviewWnd.cpp">
      <Filter>Preview</Filter>
    </ClCompile>
    <ClCompile Include="..\AFileDialogDll\ECMRenderItem.cpp">
      <Filter>Preview\RenderItem</Filter>
    </ClCompile>
    <ClCompile Include="..\AFileDialogDll\GfxRenderItem.cpp">
      <Filter>Preview\RenderItem</Filter>
    </ClCompile>
    <ClCompile Include="..\AFileDialogDll\SMDRenderItem.cpp">
      <Filter>Preview\RenderItem</Filter>
    </ClCompile>
    <ClCompile Include="..\AFileDialogDll\UMDRenderItem.cpp">
      <Filter>Preview\RenderItem</Filter>
    </ClCompile>
    <ClCompile Include="..\AFileDialogDll\UMDSRenderItem.cpp">
      <Filter>Preview\RenderItem</Filter>
    </ClCompile>
    <ClCompile Include="..\CommonFile\CommonFileDlg.cpp">
      <Filter>CommonFile</Filter>
    </ClCompile>
    <ClCompile Include="..\CommonFile\CommonFileName.cpp">
      <Filter>CommonFile</Filter>
    </ClCompile>
    <ClCompile Include="..\CommonFile\ItemInfo.cpp">
      <Filter>CommonFile</Filter>
    </ClCompile>
    <ClCompile Include="..\CommonFile\Renderable2DObject.cpp">
      <Filter>CommonFile</Filter>
    </ClCompile>
    <ClCompile Include="..\CommonFile\Renderable3DObject.cpp">
      <Filter>CommonFile</Filter>
    </ClCompile>
    <ClCompile Include="..\CommonFile\RenderableObject.cpp">
      <Filter>CommonFile</Filter>
    </ClCompile>
    <ClCompile Include="..\CommonFile\RenderWnd.cpp">
      <Filter>CommonFile</Filter>
    </ClCompile>
  </ItemGroup>
  <ItemGroup>
    <ClInclude Include="..\AFileDialogDll\AFDRequireHeaders.h">
      <Filter>Header Files</Filter>
    </ClInclude>
    <ClInclude Include="..\AFileDialogDll\AFileDialog.h">
      <Filter>Header Files</Filter>
    </ClInclude>
    <ClInclude Include="..\AFileDialogDll\AFileDialogDll.h">
      <Filter>Header Files</Filter>
    </ClInclude>
    <ClInclude Include="..\AFileDialogDll\AFileGfxInterface.h">
      <Filter>Header Files</Filter>
    </ClInclude>
    <ClInclude Include="..\AFileDialogDll\AFileSkillGfxEventMan.h">
      <Filter>Header Files</Filter>
    </ClInclude>
    <ClInclude Include="..\AFileDialogDll\AFTaskPlaySound.h">
      <Filter>Header Files</Filter>
    </ClInclude>
    <ClInclude Include="..\AFileDialogDll\AListCtrl.h">
      <Filter>Header Files</Filter>
    </ClInclude>
    <ClInclude Include="..\AFileDialogDll\DynSizeCtrl.h">
      <Filter>Header Files</Filter>
    </ClInclude>
    <ClInclude Include="..\AFileDialogDll\IAFileDialog.h">
      <Filter>Header Files</Filter>
    </ClInclude>
    <ClInclude Include="..\AFileDialogDll\Render.h">
      <Filter>Header Files</Filter>
    </ClInclude>
    <ClInclude Include="..\AFileDialogDll\resource.h">
      <Filter>Header Files</Filter>
    </ClInclude>
    <ClInclude Include="..\AFileDialogDll\StdAfx.h">
      <Filter>Header Files</Filter>
    </ClInclude>
    <ClInclude Include="..\AFileDialogDll\SyncWrapper.h">
      <Filter>Header Files</Filter>
    </ClInclude>
    <ClInclude Include="..\AFileDialogDll\TypeDefs.h">
      <Filter>Header Files</Filter>
    </ClInclude>
    <ClInclude Include="..\AFileDialogDll\AFileDialogWrapper.h">
      <Filter>Wrappers</Filter>
    </ClInclude>
    <ClInclude Include="..\AFileDialogDll\AFileImageWrapper.h">
      <Filter>Wrappers</Filter>
    </ClInclude>
    <ClInclude Include="..\AFileDialogDll\AImagePreviewWrapper.h">
      <Filter>Wrappers</Filter>
    </ClInclude>
    <ClInclude Include="..\AFileDialogDll\ASoundPlayerWrapper.h">
      <Filter>Wrappers</Filter>
    </ClInclude>
    <ClInclude Include="..\AFileDialogDll\AImagePreviewImpl.h">
      <Filter>ExportImpls</Filter>
    </ClInclude>
    <ClInclude Include="..\AFileDialogDll\ASoundPlayerImpl.h">
      <Filter>ExportImpls</Filter>
    </ClInclude>
    <ClInclude Include="..\AFileDialogDll\AFileDialog2.h">
      <Filter>AFileDialog2</Filter>
    </ClInclude>
    <ClInclude Include="..\AFileDialogDll\AFileItem.h">
      <Filter>AFileDialog2</Filter>
    </ClInclude>
    <ClInclude Include="..\AFileDialogDll\AFileItemType.h">
      <Filter>AFileDialog2</Filter>
    </ClInclude>
    <ClInclude Include="..\AFileDialogDll\AListCtrl2.h">
      <Filter>AFileDialog2</Filter>
    </ClInclude>
    <ClInclude Include="..\AFileDialogDll\AFilePreview.h">
      <Filter>Preview</Filter>
    </ClInclude>
    <ClInclude Include="..\AFileDialogDll\AFilePreviewWnd.h">
      <Filter>Preview</Filter>
    </ClInclude>
    <ClInclude Include="..\AFileDialogDll\ARenderItem.h">
      <Filter>Preview</Filter>
    </ClInclude>
    <ClInclude Include="..\AFileDialogDll\ECMRenderItem.h">
      <Filter>Preview\RenderItem</Filter>
    </ClInclude>
    <ClInclude Include="..\AFileDialogDll\GfxRenderItem.h">
      <Filter>Preview\RenderItem</Filter>
    </ClInclude>
    <ClInclude Include="..\AFileDialogDll\SMDRenderItem.h">
      <Filter>Preview\RenderItem</Filter>
    </ClInclude>
    <ClInclude Include="..\AFileDialogDll\UMDRenderItem.h">
      <Filter>Preview\RenderItem</Filter>
    </ClInclude>
    <ClInclude Include="..\AFileDialogDll\UMDSRenderItem.h">
      <Filter>Preview\RenderItem</Filter>
    </ClInclude>
    <ClInclude Include="..\CommonFile\CommonFileDlg.h">
      <Filter>CommonFile</Filter>
    </ClInclude>
    <ClInclude Include="..\CommonFile\CommonFileName.h">
      <Filter>CommonFile</Filter>
    </ClInclude>
    <ClInclude Include="..\CommonFile\ItemInfo.h">
      <Filter>CommonFile</Filter>
    </ClInclude>
    <ClInclude Include="..\CommonFile\Renderable2DObject.h">
      <Filter>CommonFile</Filter>
    </ClInclude>
    <ClInclude Include="..\CommonFile\Renderable3DObject.h">
      <Filter>CommonFile</Filter>
    </ClInclude>
    <ClInclude Include="..\CommonFile\RenderableObject.h">
      <Filter>CommonFile</Filter>
    </ClInclude>
    <ClInclude Include="..\CommonFile\RenderWnd.h">
      <Filter>CommonFile</Filter>
    </ClInclude>
  </ItemGroup>
  <ItemGroup>
    <ResourceCompile Include="..\AFileDialogDll\AFileDialogDll.rc">
      <Filter>Resource Files</Filter>
    </ResourceCompile>
  </ItemGroup>
  <ItemGroup>
    <Image Include="..\AFileDialogDll\res\arrow_back.bmp">
      <Filter>Resource Files</Filter>
    </Image>
    <Image Include="..\AFileDialogDll\res\arrow_up.bmp">
      <Filter>Resource Files</Filter>
    </Image>
    <Image Include="..\AFileDialogDll\res\icon_directory.bmp">
      <Filter>Resource Files</Filter>
    </Image>
    <Image Include="..\AFileDialogDll\res\icon_other.bmp">
      <Filter>Resource Files</Filter>
    </Image>
    <Image Include="..\AFileDialogDll\res\icon_picture.bmp">
      <Filter>Resource Files</Filter>
    </Image>
    <Image Include="..\AFileDialogDll\res\icon_sound.bmp">
      <Filter>Resource Files</Filter>
    </Image>
    <Image Include="..\AFileDialogDll\res\icon_text.bmp">
      <Filter>Resource Files</Filter>
    </Image>
  </ItemGroup>
</Project>