<?xml version="1.0" encoding="utf-8"?>
<Project ToolsVersion="4.0" xmlns="http://schemas.microsoft.com/developer/msbuild/2003">
  <ItemGroup>
    <Filter Include="Source Files">
      <UniqueIdentifier>{4FC737F1-C7A5-4376-A066-2A32D752A2FF}</UniqueIdentifier>
      <Extensions>cpp;c;cc;cxx;def;odl;idl;hpj;bat;asm;asmx</Extensions>
    </Filter>
    <Filter Include="Header Files">
      <UniqueIdentifier>{93995380-89BD-4b04-88EB-625FBE52EBFB}</UniqueIdentifier>
      <Extensions>h;hpp;hxx;hm;inl;inc;xsd</Extensions>
    </Filter>
    <Filter Include="ICLThreadPool">
      <UniqueIdentifier>{3f9d1b89-c03c-4f62-aba0-b148b43920ae}</UniqueIdentifier>
    </Filter>
    <Filter Include="ICLImg">
      <UniqueIdentifier>{c307df89-0f8f-4c18-a42f-d0ad83382659}</UniqueIdentifier>
    </Filter>
    <Filter Include="ICLImg\ICLImg_Type">
      <UniqueIdentifier>{c3384882-b18b-4236-abfc-3a5528dea8b4}</UniqueIdentifier>
    </Filter>
    <Filter Include="ICLTasks">
      <UniqueIdentifier>{870c5f09-83ee-4323-9c52-ec5295174262}</UniqueIdentifier>
    </Filter>
    <Filter Include="ICLFile">
      <UniqueIdentifier>{a1f1b896-9722-4fc1-81b8-d5c2f789b07a}</UniqueIdentifier>
    </Filter>
    <Filter Include="Platform">
      <UniqueIdentifier>{822061d2-5435-40ee-92bf-fdcbee209df6}</UniqueIdentifier>
    </Filter>
  </ItemGroup>
  <ItemGroup>
    <ClCompile Include="..\ImageCacheLib\ICLStdAfx.cpp">
      <Filter>Source Files</Filter>
    </ClCompile>
    <ClCompile Include="..\ImageCacheLib\ICLUnicodeCommon.cpp">
      <Filter>Source Files</Filter>
    </ClCompile>
    <ClCompile Include="..\ImageCacheLib\ICLThreadPool.cpp">
      <Filter>ICLThreadPool</Filter>
    </ClCompile>
    <ClCompile Include="..\ImageCacheLib\ICLThreadTask.cpp">
      <Filter>ICLThreadPool</Filter>
    </ClCompile>
    <ClCompile Include="..\ImageCacheLib\ICLThreadWrapper.cpp">
      <Filter>ICLThreadPool</Filter>
    </ClCompile>
    <ClCompile Include="..\ImageCacheLib\ICLImg.cpp">
      <Filter>ICLImg</Filter>
    </ClCompile>
    <ClCompile Include="..\ImageCacheLib\ICLImgImpl.cpp">
      <Filter>ICLImg</Filter>
    </ClCompile>
    <ClCompile Include="..\ImageCacheLib\ICLImgImplDDS.cpp">
      <Filter>ICLImg\ICLImg_Type</Filter>
    </ClCompile>
    <ClCompile Include="..\ImageCacheLib\ICLImgImplECM.cpp">
      <Filter>ICLImg\ICLImg_Type</Filter>
    </ClCompile>
    <ClCompile Include="..\ImageCacheLib\ICLImgImplGfx.cpp">
      <Filter>ICLImg\ICLImg_Type</Filter>
    </ClCompile>
    <ClCompile Include="..\ImageCacheLib\ICLImgImplSMD.cpp">
      <Filter>ICLImg\ICLImg_Type</Filter>
    </ClCompile>
    <ClCompile Include="..\ImageCacheLib\ICLImgImplUMD.cpp">
      <Filter>ICLImg\ICLImg_Type</Filter>
    </ClCompile>
    <ClCompile Include="..\ImageCacheLib\ICLImgImplUMDS.cpp">
      <Filter>ICLImg\ICLImg_Type</Filter>
    </ClCompile>
    <ClCompile Include="..\ImageCacheLib\ICLTaskProcFolder.cpp">
      <Filter>ICLTasks</Filter>
    </ClCompile>
    <ClCompile Include="..\ImageCacheLib\ICLFile.cpp">
      <Filter>ICLFile</Filter>
    </ClCompile>
    <ClCompile Include="..\ImageCacheLib\PlatformIndependFuncs.cpp">
      <Filter>Platform</Filter>
    </ClCompile>
  </ItemGroup>
  <ItemGroup>
    <ClInclude Include="..\ImageCacheLib\ICLCommon.h">
      <Filter>Header Files</Filter>
    </ClInclude>
    <ClInclude Include="..\ImageCacheLib\ICLNotifier.h">
      <Filter>Header Files</Filter>
    </ClInclude>
    <ClInclude Include="..\ImageCacheLib\ICLRequireHeaders.h">
      <Filter>Header Files</Filter>
    </ClInclude>
    <ClInclude Include="..\ImageCacheLib\ICLStdAfx.h">
      <Filter>Header Files</Filter>
    </ClInclude>
    <ClInclude Include="..\ImageCacheLib\ICLUnicodeCommon.h">
      <Filter>Header Files</Filter>
    </ClInclude>
    <ClInclude Include="..\ImageCacheLib\ICLThreadPool.h">
      <Filter>ICLThreadPool</Filter>
    </ClInclude>
    <ClInclude Include="..\ImageCacheLib\ICLThreadTask.h">
      <Filter>ICLThreadPool</Filter>
    </ClInclude>
    <ClInclude Include="..\ImageCacheLib\ICLThreadWrapper.h">
      <Filter>ICLThreadPool</Filter>
    </ClInclude>
    <ClInclude Include="..\ImageCacheLib\ICLImg.h">
      <Filter>ICLImg</Filter>
    </ClInclude>
    <ClInclude Include="..\ImageCacheLib\ICLImgImpl.h">
      <Filter>ICLImg</Filter>
    </ClInclude>
    <ClInclude Include="..\ImageCacheLib\ICLImgImplDDS.h">
      <Filter>ICLImg\ICLImg_Type</Filter>
    </ClInclude>
    <ClInclude Include="..\ImageCacheLib\ICLImgImplECM.h">
      <Filter>ICLImg\ICLImg_Type</Filter>
    </ClInclude>
    <ClInclude Include="..\ImageCacheLib\ICLImgImplGfx.h">
      <Filter>ICLImg\ICLImg_Type</Filter>
    </ClInclude>
    <ClInclude Include="..\ImageCacheLib\ICLImgImplSMD.h">
      <Filter>ICLImg\ICLImg_Type</Filter>
    </ClInclude>
    <ClInclude Include="..\ImageCacheLib\ICLImgImplUMD.h">
      <Filter>ICLImg\ICLImg_Type</Filter>
    </ClInclude>
    <ClInclude Include="..\ImageCacheLib\ICLImgImplUMDS.h">
      <Filter>ICLImg\ICLImg_Type</Filter>
    </ClInclude>
    <ClInclude Include="..\ImageCacheLib\ICLTaskProcFolder.h">
      <Filter>ICLTasks</Filter>
    </ClInclude>
    <ClInclude Include="..\ImageCacheLib\ICLFile.h">
      <Filter>ICLFile</Filter>
    </ClInclude>
    <ClInclude Include="..\ImageCacheLib\PlatformIndependFuncs.h">
      <Filter>Platform</Filter>
    </ClInclude>
  </ItemGroup>
</Project>